{
  "version": 2,
  "dependencies": {
    "net9.0": {
      "orbitterm.application": {
        "type": "Project",
        "dependencies": {
          "OrbitTerm.NativeBridge": "[1.0.0, )",
          "OrbitTerm.Terminal": "[1.0.0, )"
        }
      },
      "orbitterm.nativebridge": {
        "type": "Project"
      },
      "orbitterm.terminal": {
        "type": "Project"
      }
    }
  }
}