# This is a Gradle generated file for dependency locking.
# Manual edits can break the build and are not advised.
# This file is expected to be part of source control.
androidx.activity:activity:1.5.1=debugCompileClasspath,debugRuntimeClasspath,debugUnitTestCompileClasspath,debugUnitTestRuntimeClasspath
androidx.annotation:annotation-experimental:1.5.0=debugCompileClasspath,debugRuntimeClasspath,debugUnitTestCompileClasspath,debugUnitTestRuntimeClasspath
androidx.annotation:annotation-jvm:1.9.1=_agp_internal_javaPreCompileDebugUnitTest_kaptClasspath,_agp_internal_javaPreCompileDebug_kaptClasspath,debugAnnotationProcessorClasspath,debugCompileClasspath,debugRuntimeClasspath,debugUnitTestCompileClasspath,debugUnitTestRuntimeClasspath,kapt,kaptClasspath_kaptDebugKotlin,kaptClasspath_kaptDebugUnitTestKotlin,kaptTest
androidx.annotation:annotation:1.9.1=_agp_internal_javaPreCompileDebugUnitTest_kaptClasspath,_agp_internal_javaPreCompileDebug_kaptClasspath,debugAnnotationProcessorClasspath,debugCompileClasspath,debugRuntimeClasspath,debugUnitTestCompileClasspath,debugUnitTestRuntimeClasspath,kapt,kaptClasspath_kaptDebugKotlin,kaptClasspath_kaptDebugUnitTestKotlin,kaptTest
androidx.arch.core:core-common:2.2.0=debugCompileClasspath,debugRuntimeClasspath,debugUnitTestCompileClasspath,debugUnitTestRuntimeClasspath
androidx.arch.core:core-runtime:2.2.0=debugCompileClasspath,debugRuntimeClasspath,debugUnitTestCompileClasspath,debugUnitTestRuntimeClasspath
androidx.collection:collection-jvm:1.5.0=debugCompileClasspath,debugRuntimeClasspath,debugUnitTestCompileClasspath,debugUnitTestRuntimeClasspath
androidx.collection:collection:1.5.0=debugCompileClasspath,debugRuntimeClasspath,debugUnitTestCompileClasspath,debugUnitTestRuntimeClasspath
androidx.concurrent:concurrent-futures:1.0.0=debugRuntimeClasspath,debugUnitTestRuntimeClasspath
androidx.core:core-ktx:1.2.0=debugCompileClasspath,debugRuntimeClasspath,debugUnitTestCompileClasspath,debugUnitTestRuntimeClasspath
androidx.core:core:1.8.0=debugCompileClasspath,debugRuntimeClasspath,debugUnitTestCompileClasspath,debugUnitTestRuntimeClasspath
androidx.customview:customview:1.0.0=debugCompileClasspath,debugRuntimeClasspath,debugUnitTestCompileClasspath,debugUnitTestRuntimeClasspath
androidx.datastore:datastore-android:1.2.1=debugCompileClasspath,debugRuntimeClasspath,debugUnitTestCompileClasspath,debugUnitTestRuntimeClasspath
androidx.datastore:datastore-core-android:1.2.1=debugCompileClasspath,debugRuntimeClasspath,debugUnitTestCompileClasspath,debugUnitTestRuntimeClasspath
androidx.datastore:datastore-core-okio-jvm:1.2.1=debugCompileClasspath,debugRuntimeClasspath,debugUnitTestCompileClasspath,debugUnitTestRuntimeClasspath
androidx.datastore:datastore-core-okio:1.2.1=debugCompileClasspath,debugRuntimeClasspath,debugUnitTestCompileClasspath,debugUnitTestRuntimeClasspath
androidx.datastore:datastore-core:1.2.1=debugCompileClasspath,debugRuntimeClasspath,debugUnitTestCompileClasspath,debugUnitTestRuntimeClasspath
androidx.datastore:datastore-preferences-android:1.2.1=debugCompileClasspath,debugRuntimeClasspath,debugUnitTestCompileClasspath,debugUnitTestRuntimeClasspath
androidx.datastore:datastore-preferences-core-android:1.2.1=debugCompileClasspath,debugRuntimeClasspath,debugUnitTestCompileClasspath,debugUnitTestRuntimeClasspath
androidx.datastore:datastore-preferences-core:1.2.1=debugCompileClasspath,debugRuntimeClasspath,debugUnitTestCompileClasspath,debugUnitTestRuntimeClasspath
androidx.datastore:datastore-preferences-external-protobuf:1.2.1=debugRuntimeClasspath,debugUnitTestRuntimeClasspath
androidx.datastore:datastore-preferences-proto:1.2.1=debugRuntimeClasspath,debugUnitTestRuntimeClasspath
androidx.datastore:datastore-preferences:1.2.1=debugCompileClasspath,debugRuntimeClasspath,debugUnitTestCompileClasspath,debugUnitTestRuntimeClasspath
androidx.datastore:datastore:1.2.1=debugCompileClasspath,debugRuntimeClasspath,debugUnitTestCompileClasspath,debugUnitTestRuntimeClasspath
androidx.fragment:fragment:1.5.1=debugCompileClasspath,debugRuntimeClasspath,debugUnitTestCompileClasspath,debugUnitTestRuntimeClasspath
androidx.lifecycle:lifecycle-common:2.5.1=debugCompileClasspath,debugRuntimeClasspath,debugUnitTestCompileClasspath,debugUnitTestRuntimeClasspath
androidx.lifecycle:lifecycle-livedata-core:2.5.1=debugCompileClasspath,debugRuntimeClasspath,debugUnitTestCompileClasspath,debugUnitTestRuntimeClasspath
androidx.lifecycle:lifecycle-livedata:2.0.0=debugCompileClasspath,debugRuntimeClasspath,debugUnitTestCompileClasspath,debugUnitTestRuntimeClasspath
androidx.lifecycle:lifecycle-runtime:2.5.1=debugCompileClasspath,debugRuntimeClasspath,debugUnitTestCompileClasspath,debugUnitTestRuntimeClasspath
androidx.lifecycle:lifecycle-viewmodel-savedstate:2.5.1=debugCompileClasspath,debugRuntimeClasspath,debugUnitTestCompileClasspath,debugUnitTestRuntimeClasspath
androidx.lifecycle:lifecycle-viewmodel:2.5.1=debugCompileClasspath,debugRuntimeClasspath,debugUnitTestCompileClasspath,debugUnitTestRuntimeClasspath
androidx.loader:loader:1.0.0=debugCompileClasspath,debugRuntimeClasspath,debugUnitTestCompileClasspath,debugUnitTestRuntimeClasspath
androidx.room:room-common-jvm:2.8.4=_agp_internal_javaPreCompileDebugUnitTest_kaptClasspath,_agp_internal_javaPreCompileDebug_kaptClasspath,debugAnnotationProcessorClasspath,debugCompileClasspath,debugRuntimeClasspath,debugUnitTestCompileClasspath,debugUnitTestRuntimeClasspath,kapt,kaptClasspath_kaptDebugKotlin,kaptClasspath_kaptDebugUnitTestKotlin,kaptTest
androidx.room:room-common:2.8.4=_agp_internal_javaPreCompileDebugUnitTest_kaptClasspath,_agp_internal_javaPreCompileDebug_kaptClasspath,debugAnnotationProcessorClasspath,debugCompileClasspath,debugRuntimeClasspath,debugUnitTestCompileClasspath,debugUnitTestRuntimeClasspath,kapt,kaptClasspath_kaptDebugKotlin,kaptClasspath_kaptDebugUnitTestKotlin,kaptTest
androidx.room:room-compiler-processing:2.8.4=_agp_internal_javaPreCompileDebugUnitTest_kaptClasspath,_agp_internal_javaPreCompileDebug_kaptClasspath,debugAnnotationProcessorClasspath,kapt,kaptClasspath_kaptDebugKotlin,kaptClasspath_kaptDebugUnitTestKotlin,kaptTest
androidx.room:room-compiler:2.8.4=_agp_internal_javaPreCompileDebugUnitTest_kaptClasspath,_agp_internal_javaPreCompileDebug_kaptClasspath,debugAnnotationProcessorClasspath,kapt,kaptClasspath_kaptDebugKotlin,kaptClasspath_kaptDebugUnitTestKotlin,kaptTest
androidx.room:room-external-antlr:2.8.4=_agp_internal_javaPreCompileDebugUnitTest_kaptClasspath,_agp_internal_javaPreCompileDebug_kaptClasspath,debugAnnotationProcessorClasspath,kapt,kaptClasspath_kaptDebugKotlin,kaptClasspath_kaptDebugUnitTestKotlin,kaptTest
androidx.room:room-ktx:2.8.4=debugCompileClasspath,debugRuntimeClasspath,debugUnitTestCompileClasspath,debugUnitTestRuntimeClasspath
androidx.room:room-migration-jvm:2.8.4=_agp_internal_javaPreCompileDebugUnitTest_kaptClasspath,_agp_internal_javaPreCompileDebug_kaptClasspath,debugAnnotationProcessorClasspath,kapt,kaptClasspath_kaptDebugKotlin,kaptClasspath_kaptDebugUnitTestKotlin,kaptTest
androidx.room:room-migration:2.8.4=_agp_internal_javaPreCompileDebugUnitTest_kaptClasspath,_agp_internal_javaPreCompileDebug_kaptClasspath,debugAnnotationProcessorClasspath,kapt,kaptClasspath_kaptDebugKotlin,kaptClasspath_kaptDebugUnitTestKotlin,kaptTest
androidx.room:room-runtime-android:2.8.4=debugCompileClasspath,debugRuntimeClasspath,debugUnitTestCompileClasspath,debugUnitTestRuntimeClasspath
androidx.room:room-runtime:2.8.4=debugCompileClasspath,debugRuntimeClasspath,debugUnitTestCompileClasspath,debugUnitTestRuntimeClasspath
androidx.savedstate:savedstate:1.2.0=debugCompileClasspath,debugRuntimeClasspath,debugUnitTestCompileClasspath,debugUnitTestRuntimeClasspath
androidx.sqlite:sqlite-android:2.6.2=debugCompileClasspath,debugRuntimeClasspath,debugUnitTestCompileClasspath,debugUnitTestRuntimeClasspath
androidx.sqlite:sqlite-framework-android:2.6.2=debugCompileClasspath,debugRuntimeClasspath,debugUnitTestCompileClasspath,debugUnitTestRuntimeClasspath
androidx.sqlite:sqlite-framework:2.6.2=debugCompileClasspath,debugRuntimeClasspath,debugUnitTestCompileClasspath,debugUnitTestRuntimeClasspath
androidx.sqlite:sqlite:2.6.2=debugCompileClasspath,debugRuntimeClasspath,debugUnitTestCompileClasspath,debugUnitTestRuntimeClasspath
androidx.startup:startup-runtime:1.2.0=debugRuntimeClasspath,debugUnitTestRuntimeClasspath
androidx.tracing:tracing:1.0.0=debugRuntimeClasspath,debugUnitTestRuntimeClasspath
androidx.versionedparcelable:versionedparcelable:1.1.1=debugCompileClasspath,debugRuntimeClasspath,debugUnitTestCompileClasspath,debugUnitTestRuntimeClasspath
androidx.viewpager:viewpager:1.0.0=debugCompileClasspath,debugRuntimeClasspath,debugUnitTestCompileClasspath,debugUnitTestRuntimeClasspath
com.google.auto.value:auto-value-annotations:1.6.3=_agp_internal_javaPreCompileDebugUnitTest_kaptClasspath,_agp_internal_javaPreCompileDebug_kaptClasspath,debugAnnotationProcessorClasspath,kapt,kaptClasspath_kaptDebugKotlin,kaptClasspath_kaptDebugUnitTestKotlin,kaptTest
com.google.auto:auto-common:1.2.1=_agp_internal_javaPreCompileDebugUnitTest_kaptClasspath,_agp_internal_javaPreCompileDebug_kaptClasspath,debugAnnotationProcessorClasspath,kapt,kaptClasspath_kaptDebugKotlin,kaptClasspath_kaptDebugUnitTestKotlin,kaptTest
com.google.code.findbugs:jsr305:3.0.2=_agp_internal_javaPreCompileDebugUnitTest_kaptClasspath,_agp_internal_javaPreCompileDebug_kaptClasspath,debugAnnotationProcessorClasspath,debugCompileClasspath,debugRuntimeClasspath,debugUnitTestCompileClasspath,debugUnitTestRuntimeClasspath,kapt,kaptClasspath_kaptDebugKotlin,kaptClasspath_kaptDebugUnitTestKotlin,kaptTest
com.google.dagger:dagger-lint-aar:2.57.1=debugCompileClasspath,debugRuntimeClasspath,debugUnitTestCompileClasspath,debugUnitTestRuntimeClasspath
com.google.dagger:dagger:2.57.1=debugCompileClasspath,debugRuntimeClasspath,debugUnitTestCompileClasspath,debugUnitTestRuntimeClasspath
com.google.dagger:hilt-android:2.57.1=debugCompileClasspath,debugRuntimeClasspath,debugUnitTestCompileClasspath,debugUnitTestRuntimeClasspath
com.google.dagger:hilt-core:2.57.1=debugCompileClasspath,debugRuntimeClasspath,debugUnitTestCompileClasspath,debugUnitTestRuntimeClasspath
com.google.devtools.ksp:symbol-processing-api:2.0.10-1.0.24=_agp_internal_javaPreCompileDebugUnitTest_kaptClasspath,_agp_internal_javaPreCompileDebug_kaptClasspath,debugAnnotationProcessorClasspath,kapt,kaptClasspath_kaptDebugKotlin,kaptClasspath_kaptDebugUnitTestKotlin,kaptTest
com.google.errorprone:error_prone_annotations:2.26.1=_agp_internal_javaPreCompileDebugUnitTest_kaptClasspath,_agp_internal_javaPreCompileDebug_kaptClasspath,debugAnnotationProcessorClasspath,kapt,kaptClasspath_kaptDebugKotlin,kaptClasspath_kaptDebugUnitTestKotlin,kaptTest
com.google.guava:failureaccess:1.0.2=_agp_internal_javaPreCompileDebugUnitTest_kaptClasspath,_agp_internal_javaPreCompileDebug_kaptClasspath,debugAnnotationProcessorClasspath,kapt,kaptClasspath_kaptDebugKotlin,kaptClasspath_kaptDebugUnitTestKotlin,kaptTest
com.google.guava:guava:33.2.1-jre=_agp_internal_javaPreCompileDebugUnitTest_kaptClasspath,_agp_internal_javaPreCompileDebug_kaptClasspath,debugAnnotationProcessorClasspath,kapt,kaptClasspath_kaptDebugKotlin,kaptClasspath_kaptDebugUnitTestKotlin,kaptTest
com.google.guava:listenablefuture:1.0=debugRuntimeClasspath,debugUnitTestRuntimeClasspath
com.google.guava:listenablefuture:9999.0-empty-to-avoid-conflict-with-guava=_agp_internal_javaPreCompileDebugUnitTest_kaptClasspath,_agp_internal_javaPreCompileDebug_kaptClasspath,debugAnnotationProcessorClasspath,kapt,kaptClasspath_kaptDebugKotlin,kaptClasspath_kaptDebugUnitTestKotlin,kaptTest
com.intellij:annotations:12.0=_agp_internal_javaPreCompileDebugUnitTest_kaptClasspath,_agp_internal_javaPreCompileDebug_kaptClasspath,debugAnnotationProcessorClasspath,kapt,kaptClasspath_kaptDebugKotlin,kaptClasspath_kaptDebugUnitTestKotlin,kaptTest
com.squareup.okhttp3:okhttp-android:5.2.1=debugCompileClasspath,debugRuntimeClasspath,debugUnitTestCompileClasspath,debugUnitTestRuntimeClasspath
com.squareup.okhttp3:okhttp:5.2.1=debugCompileClasspath,debugRuntimeClasspath,debugUnitTestCompileClasspath,debugUnitTestRuntimeClasspath
com.squareup.okio:okio-jvm:3.16.2=debugCompileClasspath,debugRuntimeClasspath,debugUnitTestCompileClasspath,debugUnitTestRuntimeClasspath
com.squareup.okio:okio:3.16.2=debugCompileClasspath,debugRuntimeClasspath,debugUnitTestCompileClasspath,debugUnitTestRuntimeClasspath
com.squareup:javapoet:1.13.0=_agp_internal_javaPreCompileDebugUnitTest_kaptClasspath,_agp_internal_javaPreCompileDebug_kaptClasspath,debugAnnotationProcessorClasspath,kapt,kaptClasspath_kaptDebugKotlin,kaptClasspath_kaptDebugUnitTestKotlin,kaptTest
com.squareup:kotlinpoet-javapoet:2.0.0=_agp_internal_javaPreCompileDebugUnitTest_kaptClasspath,_agp_internal_javaPreCompileDebug_kaptClasspath,debugAnnotationProcessorClasspath,kapt,kaptClasspath_kaptDebugKotlin,kaptClasspath_kaptDebugUnitTestKotlin,kaptTest
com.squareup:kotlinpoet-jvm:2.0.0=_agp_internal_javaPreCompileDebugUnitTest_kaptClasspath,_agp_internal_javaPreCompileDebug_kaptClasspath,debugAnnotationProcessorClasspath,kapt,kaptClasspath_kaptDebugKotlin,kaptClasspath_kaptDebugUnitTestKotlin,kaptTest
com.squareup:kotlinpoet:2.0.0=_agp_internal_javaPreCompileDebugUnitTest_kaptClasspath,_agp_internal_javaPreCompileDebug_kaptClasspath,debugAnnotationProcessorClasspath,kapt,kaptClasspath_kaptDebugKotlin,kaptClasspath_kaptDebugUnitTestKotlin,kaptTest
commons-codec:commons-codec:1.15=_agp_internal_javaPreCompileDebugUnitTest_kaptClasspath,_agp_internal_javaPreCompileDebug_kaptClasspath,debugAnnotationProcessorClasspath,kapt,kaptClasspath_kaptDebugKotlin,kaptClasspath_kaptDebugUnitTestKotlin,kaptTest
io.ktor:ktor-client-content-negotiation-jvm:3.3.2=debugCompileClasspath,debugRuntimeClasspath,debugUnitTestCompileClasspath,debugUnitTestRuntimeClasspath
io.ktor:ktor-client-content-negotiation:3.3.2=debugCompileClasspath,debugRuntimeClasspath,debugUnitTestCompileClasspath,debugUnitTestRuntimeClasspath
io.ktor:ktor-client-core-jvm:3.3.2=debugCompileClasspath,debugRuntimeClasspath,debugUnitTestCompileClasspath,debugUnitTestRuntimeClasspath
io.ktor:ktor-client-core:3.3.2=debugCompileClasspath,debugRuntimeClasspath,debugUnitTestCompileClasspath,debugUnitTestRuntimeClasspath
io.ktor:ktor-client-mock-jvm:3.3.2=debugUnitTestCompileClasspath,debugUnitTestRuntimeClasspath
io.ktor:ktor-client-mock:3.3.2=debugUnitTestCompileClasspath,debugUnitTestRuntimeClasspath
io.ktor:ktor-client-okhttp-jvm:3.3.2=debugCompileClasspath,debugRuntimeClasspath,debugUnitTestCompileClasspath,debugUnitTestRuntimeClasspath
io.ktor:ktor-client-okhttp:3.3.2=debugCompileClasspath,debugRuntimeClasspath,debugUnitTestCompileClasspath,debugUnitTestRuntimeClasspath
io.ktor:ktor-events-jvm:3.3.2=debugCompileClasspath,debugRuntimeClasspath,debugUnitTestCompileClasspath,debugUnitTestRuntimeClasspath
io.ktor:ktor-events:3.3.2=debugCompileClasspath,debugRuntimeClasspath,debugUnitTestCompileClasspath,debugUnitTestRuntimeClasspath
io.ktor:ktor-http-cio-jvm:3.3.2=debugCompileClasspath,debugRuntimeClasspath,debugUnitTestCompileClasspath,debugUnitTestRuntimeClasspath
io.ktor:ktor-http-cio:3.3.2=debugCompileClasspath,debugRuntimeClasspath,debugUnitTestCompileClasspath,debugUnitTestRuntimeClasspath
io.ktor:ktor-http-jvm:3.3.2=debugCompileClasspath,debugRuntimeClasspath,debugUnitTestCompileClasspath,debugUnitTestRuntimeClasspath
io.ktor:ktor-http:3.3.2=debugCompileClasspath,debugRuntimeClasspath,debugUnitTestCompileClasspath,debugUnitTestRuntimeClasspath
io.ktor:ktor-io-jvm:3.3.2=debugCompileClasspath,debugRuntimeClasspath,debugUnitTestCompileClasspath,debugUnitTestRuntimeClasspath
io.ktor:ktor-io:3.3.2=debugCompileClasspath,debugRuntimeClasspath,debugUnitTestCompileClasspath,debugUnitTestRuntimeClasspath
io.ktor:ktor-network-jvm:3.3.2=debugCompileClasspath,debugRuntimeClasspath,debugUnitTestCompileClasspath,debugUnitTestRuntimeClasspath
io.ktor:ktor-network:3.3.2=debugCompileClasspath,debugRuntimeClasspath,debugUnitTestCompileClasspath,debugUnitTestRuntimeClasspath
io.ktor:ktor-serialization-jvm:3.3.2=debugCompileClasspath,debugRuntimeClasspath,debugUnitTestCompileClasspath,debugUnitTestRuntimeClasspath
io.ktor:ktor-serialization-kotlinx-json-jvm:3.3.2=debugCompileClasspath,debugRuntimeClasspath,debugUnitTestCompileClasspath,debugUnitTestRuntimeClasspath
io.ktor:ktor-serialization-kotlinx-json:3.3.2=debugCompileClasspath,debugRuntimeClasspath,debugUnitTestCompileClasspath,debugUnitTestRuntimeClasspath
io.ktor:ktor-serialization-kotlinx-jvm:3.3.2=debugCompileClasspath,debugRuntimeClasspath,debugUnitTestCompileClasspath,debugUnitTestRuntimeClasspath
io.ktor:ktor-serialization-kotlinx:3.3.2=debugCompileClasspath,debugRuntimeClasspath,debugUnitTestCompileClasspath,debugUnitTestRuntimeClasspath
io.ktor:ktor-serialization:3.3.2=debugCompileClasspath,debugRuntimeClasspath,debugUnitTestCompileClasspath,debugUnitTestRuntimeClasspath
io.ktor:ktor-sse-jvm:3.3.2=debugCompileClasspath,debugRuntimeClasspath,debugUnitTestCompileClasspath,debugUnitTestRuntimeClasspath
io.ktor:ktor-sse:3.3.2=debugCompileClasspath,debugRuntimeClasspath,debugUnitTestCompileClasspath,debugUnitTestRuntimeClasspath
io.ktor:ktor-utils-jvm:3.3.2=debugCompileClasspath,debugRuntimeClasspath,debugUnitTestCompileClasspath,debugUnitTestRuntimeClasspath
io.ktor:ktor-utils:3.3.2=debugCompileClasspath,debugRuntimeClasspath,debugUnitTestCompileClasspath,debugUnitTestRuntimeClasspath
io.ktor:ktor-websocket-serialization-jvm:3.3.2=debugCompileClasspath,debugRuntimeClasspath,debugUnitTestCompileClasspath,debugUnitTestRuntimeClasspath
io.ktor:ktor-websocket-serialization:3.3.2=debugCompileClasspath,debugRuntimeClasspath,debugUnitTestCompileClasspath,debugUnitTestRuntimeClasspath
io.ktor:ktor-websockets-jvm:3.3.2=debugCompileClasspath,debugRuntimeClasspath,debugUnitTestCompileClasspath,debugUnitTestRuntimeClasspath
io.ktor:ktor-websockets:3.3.2=debugCompileClasspath,debugRuntimeClasspath,debugUnitTestCompileClasspath,debugUnitTestRuntimeClasspath
jakarta.inject:jakarta.inject-api:2.0.1=debugCompileClasspath,debugRuntimeClasspath,debugUnitTestCompileClasspath,debugUnitTestRuntimeClasspath
javax.inject:javax.inject:1=debugCompileClasspath,debugRuntimeClasspath,debugUnitTestCompileClasspath,debugUnitTestRuntimeClasspath
junit:junit:4.13.2=debugUnitTestCompileClasspath,debugUnitTestRuntimeClasspath
org.checkerframework:checker-qual:3.42.0=_agp_internal_javaPreCompileDebugUnitTest_kaptClasspath,_agp_internal_javaPreCompileDebug_kaptClasspath,debugAnnotationProcessorClasspath,kapt,kaptClasspath_kaptDebugKotlin,kaptClasspath_kaptDebugUnitTestKotlin,kaptTest
org.hamcrest:hamcrest-core:1.3=debugUnitTestCompileClasspath,debugUnitTestRuntimeClasspath
org.jetbrains.kotlin:kotlin-annotation-processing-gradle:2.2.20=kotlinCompilerPluginClasspathDebug,kotlinCompilerPluginClasspathDebugUnitTest,kotlinKaptWorkerDependencies
org.jetbrains.kotlin:kotlin-build-tools-api:2.2.20=kotlinBuildToolsApiClasspath
org.jetbrains.kotlin:kotlin-build-tools-impl:2.2.20=kotlinBuildToolsApiClasspath
org.jetbrains.kotlin:kotlin-compiler-embeddable:2.2.20=kotlinBuildToolsApiClasspath,kotlinCompilerClasspath
org.jetbrains.kotlin:kotlin-compiler-runner:2.2.20=kotlinBuildToolsApiClasspath
org.jetbrains.kotlin:kotlin-daemon-client:2.2.20=kotlinBuildToolsApiClasspath
org.jetbrains.kotlin:kotlin-daemon-embeddable:2.2.20=kotlinBuildToolsApiClasspath,kotlinCompilerClasspath
org.jetbrains.kotlin:kotlin-metadata-jvm:2.2.0=_agp_internal_javaPreCompileDebugUnitTest_kaptClasspath,_agp_internal_javaPreCompileDebug_kaptClasspath,debugAnnotationProcessorClasspath,kapt,kaptClasspath_kaptDebugKotlin,kaptClasspath_kaptDebugUnitTestKotlin,kaptTest
org.jetbrains.kotlin:kotlin-reflect:1.6.10=kotlinBuildToolsApiClasspath,kotlinCompilerClasspath
org.jetbrains.kotlin:kotlin-reflect:2.0.10=_agp_internal_javaPreCompileDebugUnitTest_kaptClasspath,_agp_internal_javaPreCompileDebug_kaptClasspath,debugAnnotationProcessorClasspath,kapt,kaptClasspath_kaptDebugKotlin,kaptClasspath_kaptDebugUnitTestKotlin,kaptTest
org.jetbrains.kotlin:kotlin-script-runtime:2.2.20=kotlinBuildToolsApiClasspath,kotlinCompilerClasspath
org.jetbrains.kotlin:kotlin-scripting-common:2.2.20=kotlinBuildToolsApiClasspath
org.jetbrains.kotlin:kotlin-scripting-compiler-embeddable:2.2.20=kotlinBuildToolsApiClasspath
org.jetbrains.kotlin:kotlin-scripting-compiler-impl-embeddable:2.2.20=kotlinBuildToolsApiClasspath
org.jetbrains.kotlin:kotlin-scripting-jvm:2.2.20=kotlinBuildToolsApiClasspath
org.jetbrains.kotlin:kotlin-serialization-compiler-plugin-embeddable:2.2.20=kotlinCompilerPluginClasspathDebug,kotlinCompilerPluginClasspathDebugUnitTest
org.jetbrains.kotlin:kotlin-stdlib:2.2.0=_agp_internal_javaPreCompileDebugUnitTest_kaptClasspath,_agp_internal_javaPreCompileDebug_kaptClasspath,debugAnnotationProcessorClasspath,kapt,kaptClasspath_kaptDebugKotlin,kaptClasspath_kaptDebugUnitTestKotlin,kaptTest
org.jetbrains.kotlin:kotlin-stdlib:2.2.20=kotlinBuildToolsApiClasspath,kotlinCompilerClasspath,kotlinKaptWorkerDependencies
org.jetbrains.kotlin:kotlin-stdlib:2.2.21=debugCompileClasspath,debugRuntimeClasspath,debugUnitTestCompileClasspath,debugUnitTestRuntimeClasspath
org.jetbrains.kotlinx:kotlinx-coroutines-android:1.10.2=debugCompileClasspath,debugRuntimeClasspath,debugUnitTestCompileClasspath,debugUnitTestRuntimeClasspath
org.jetbrains.kotlinx:kotlinx-coroutines-bom:1.10.2=debugCompileClasspath,debugRuntimeClasspath,debugUnitTestCompileClasspath,debugUnitTestRuntimeClasspath
org.jetbrains.kotlinx:kotlinx-coroutines-core-jvm:1.10.2=debugCompileClasspath,debugRuntimeClasspath,debugUnitTestCompileClasspath,debugUnitTestRuntimeClasspath
org.jetbrains.kotlinx:kotlinx-coroutines-core-jvm:1.8.0=kotlinBuildToolsApiClasspath,kotlinCompilerClasspath
org.jetbrains.kotlinx:kotlinx-coroutines-core:1.10.2=debugCompileClasspath,debugRuntimeClasspath,debugUnitTestCompileClasspath,debugUnitTestRuntimeClasspath
org.jetbrains.kotlinx:kotlinx-coroutines-slf4j:1.10.2=debugRuntimeClasspath,debugUnitTestRuntimeClasspath
org.jetbrains.kotlinx:kotlinx-io-bytestring-jvm:0.8.0=debugCompileClasspath,debugRuntimeClasspath,debugUnitTestCompileClasspath,debugUnitTestRuntimeClasspath
org.jetbrains.kotlinx:kotlinx-io-bytestring:0.8.0=debugCompileClasspath,debugRuntimeClasspath,debugUnitTestCompileClasspath,debugUnitTestRuntimeClasspath
org.jetbrains.kotlinx:kotlinx-io-core-jvm:0.8.0=debugCompileClasspath,debugRuntimeClasspath,debugUnitTestCompileClasspath,debugUnitTestRuntimeClasspath
org.jetbrains.kotlinx:kotlinx-io-core:0.8.0=debugCompileClasspath,debugRuntimeClasspath,debugUnitTestCompileClasspath,debugUnitTestRuntimeClasspath
org.jetbrains.kotlinx:kotlinx-serialization-bom:1.8.1=_agp_internal_javaPreCompileDebugUnitTest_kaptClasspath,_agp_internal_javaPreCompileDebug_kaptClasspath,debugAnnotationProcessorClasspath,kapt,kaptClasspath_kaptDebugKotlin,kaptClasspath_kaptDebugUnitTestKotlin,kaptTest
org.jetbrains.kotlinx:kotlinx-serialization-bom:1.9.0=debugCompileClasspath,debugRuntimeClasspath,debugUnitTestCompileClasspath,debugUnitTestRuntimeClasspath
org.jetbrains.kotlinx:kotlinx-serialization-core-jvm:1.8.1=_agp_internal_javaPreCompileDebugUnitTest_kaptClasspath,_agp_internal_javaPreCompileDebug_kaptClasspath,debugAnnotationProcessorClasspath,kapt,kaptClasspath_kaptDebugKotlin,kaptClasspath_kaptDebugUnitTestKotlin,kaptTest
org.jetbrains.kotlinx:kotlinx-serialization-core-jvm:1.9.0=debugCompileClasspath,debugRuntimeClasspath,debugUnitTestCompileClasspath,debugUnitTestRuntimeClasspath
org.jetbrains.kotlinx:kotlinx-serialization-core:1.8.1=_agp_internal_javaPreCompileDebugUnitTest_kaptClasspath,_agp_internal_javaPreCompileDebug_kaptClasspath,debugAnnotationProcessorClasspath,kapt,kaptClasspath_kaptDebugKotlin,kaptClasspath_kaptDebugUnitTestKotlin,kaptTest
org.jetbrains.kotlinx:kotlinx-serialization-core:1.9.0=debugCompileClasspath,debugRuntimeClasspath,debugUnitTestCompileClasspath,debugUnitTestRuntimeClasspath
org.jetbrains.kotlinx:kotlinx-serialization-json-io-jvm:1.9.0=debugCompileClasspath,debugRuntimeClasspath,debugUnitTestCompileClasspath,debugUnitTestRuntimeClasspath
org.jetbrains.kotlinx:kotlinx-serialization-json-io:1.9.0=debugCompileClasspath,debugRuntimeClasspath,debugUnitTestCompileClasspath,debugUnitTestRuntimeClasspath
org.jetbrains.kotlinx:kotlinx-serialization-json-jvm:1.8.1=_agp_internal_javaPreCompileDebugUnitTest_kaptClasspath,_agp_internal_javaPreCompileDebug_kaptClasspath,debugAnnotationProcessorClasspath,kapt,kaptClasspath_kaptDebugKotlin,kaptClasspath_kaptDebugUnitTestKotlin,kaptTest
org.jetbrains.kotlinx:kotlinx-serialization-json-jvm:1.9.0=debugCompileClasspath,debugRuntimeClasspath,debugUnitTestCompileClasspath,debugUnitTestRuntimeClasspath
org.jetbrains.kotlinx:kotlinx-serialization-json:1.8.1=_agp_internal_javaPreCompileDebugUnitTest_kaptClasspath,_agp_internal_javaPreCompileDebug_kaptClasspath,debugAnnotationProcessorClasspath,kapt,kaptClasspath_kaptDebugKotlin,kaptClasspath_kaptDebugUnitTestKotlin,kaptTest
org.jetbrains.kotlinx:kotlinx-serialization-json:1.9.0=debugCompileClasspath,debugRuntimeClasspath,debugUnitTestCompileClasspath,debugUnitTestRuntimeClasspath
org.jetbrains:annotations:13.0=_agp_internal_javaPreCompileDebugUnitTest_kaptClasspath,_agp_internal_javaPreCompileDebug_kaptClasspath,debugAnnotationProcessorClasspath,kapt,kaptClasspath_kaptDebugKotlin,kaptClasspath_kaptDebugUnitTestKotlin,kaptTest,kotlinBuildToolsApiClasspath,kotlinCompilerClasspath,kotlinKaptWorkerDependencies
org.jetbrains:annotations:23.0.0=debugCompileClasspath,debugRuntimeClasspath,debugUnitTestCompileClasspath,debugUnitTestRuntimeClasspath
org.jspecify:jspecify:1.0.0=_agp_internal_javaPreCompileDebugUnitTest_kaptClasspath,_agp_internal_javaPreCompileDebug_kaptClasspath,debugAnnotationProcessorClasspath,debugCompileClasspath,debugRuntimeClasspath,debugUnitTestCompileClasspath,debugUnitTestRuntimeClasspath,kapt,kaptClasspath_kaptDebugKotlin,kaptClasspath_kaptDebugUnitTestKotlin,kaptTest
org.slf4j:slf4j-api:2.0.17=debugCompileClasspath,debugRuntimeClasspath,debugUnitTestCompileClasspath,debugUnitTestRuntimeClasspath
org.xerial:sqlite-jdbc:3.41.2.2=_agp_internal_javaPreCompileDebugUnitTest_kaptClasspath,_agp_internal_javaPreCompileDebug_kaptClasspath,debugAnnotationProcessorClasspath,kapt,kaptClasspath_kaptDebugKotlin,kaptClasspath_kaptDebugUnitTestKotlin,kaptTest
empty=androidApis,androidJdkImage
