// !$*UTF8*$!
{
	archiveVersion = 1;
	classes = {
	};
	objectVersion = 77;
	objects = {

/* Begin PBXBuildFile section */
		00D11168A4219FA8EC587704 /* ContentView.swift in Sources */ = {isa = PBXBuildFile; fileRef = 381EB860DD822B532F60A2E4 /* ContentView.swift */; };
		014ADC98587FFEEED9146A77 /* ServerListView.swift in Sources */ = {isa = PBXBuildFile; fileRef = 21BA8750BFF4212C103320E8 /* ServerListView.swift */; };
		06B5A6A1C64180548A72FBF3 /* WorkstationAssetSidebarView.swift in Sources */ = {isa = PBXBuildFile; fileRef = BC35C4CE7198F143C318FB84 /* WorkstationAssetSidebarView.swift */; };
		086D528ACD82CB8CA67C1584 /* DetachedSessionWindowView.swift in Sources */ = {isa = PBXBuildFile; fileRef = 79C98A67B69AA654CC5A6B77 /* DetachedSessionWindowView.swift */; };
		0AD79FEB4AD1DF5ABCA1FB30 /* AddServerView.swift in Sources */ = {isa = PBXBuildFile; fileRef = 1BDEC92E6B4B8974125CB64A /* AddServerView.swift */; };
		128C9369AA7FAA7BDDC505FE /* WorkstationMonitorCardView.swift in Sources */ = {isa = PBXBuildFile; fileRef = 24CD1624F5A719FD6E790B98 /* WorkstationMonitorCardView.swift */; };
		13D1330ECE0E17F6F27753EA /* MasterPasswordGateView.swift in Sources */ = {isa = PBXBuildFile; fileRef = 78814C1CD0FE53F972F7011F /* MasterPasswordGateView.swift */; };
		166B59A8E24960CC5E398252 /* WorkstationLayoutMetrics.swift in Sources */ = {isa = PBXBuildFile; fileRef = 91CF5B57FA41C8FB507E27B6 /* WorkstationLayoutMetrics.swift */; };
		2449C17F29FFCB7D459E7F14 /* AuthView.swift in Sources */ = {isa = PBXBuildFile; fileRef = 20EA2AC1C67C6744ECBB46BD /* AuthView.swift */; };
		25A69CC08E8B9F245C88948A /* TabBarView.swift in Sources */ = {isa = PBXBuildFile; fileRef = 62847EC28220849324529ECF /* TabBarView.swift */; };
		274A6C9E05F226D23980A92B /* WorkstationSnippetsCardView.swift in Sources */ = {isa = PBXBuildFile; fileRef = A8EC0F86958319CF2CAC049C /* WorkstationSnippetsCardView.swift */; };
		274E45B4B0BE1E3D047A0301 /* WorkstationRightPanelView.swift in Sources */ = {isa = PBXBuildFile; fileRef = 274E45B4B0BE1E3D047A0300 /* WorkstationRightPanelView.swift */; };
		B8A100000000000000000002 /* WorkstationSheetsAndAlerts.swift in Sources */ = {isa = PBXBuildFile; fileRef = B8A100000000000000000001 /* WorkstationSheetsAndAlerts.swift */; };
		B8A100000000000000000005 /* WorkstationStressController.swift in Sources */ = {isa = PBXBuildFile; fileRef = B8A100000000000000000004 /* WorkstationStressController.swift */; };
		B8A100000000000000000008 /* WorkstationTerminalSplitLayoutView.swift in Sources */ = {isa = PBXBuildFile; fileRef = B8A100000000000000000007 /* WorkstationTerminalSplitLayoutView.swift */; };
		B8A10000000000000000000B /* WorkstationTerminalDropUploadModifier.swift in Sources */ = {isa = PBXBuildFile; fileRef = B8A10000000000000000000A /* WorkstationTerminalDropUploadModifier.swift */; };
		B8A10000000000000000000E /* WorkstationTerminalSearchOverlay.swift in Sources */ = {isa = PBXBuildFile; fileRef = B8A10000000000000000000D /* WorkstationTerminalSearchOverlay.swift */; };
		B8A100000000000000000011 /* WorkstationTerminalToolbarView.swift in Sources */ = {isa = PBXBuildFile; fileRef = B8A100000000000000000010 /* WorkstationTerminalToolbarView.swift */; };
		B8A100000000000000000014 /* WorkstationTerminalSessionChrome.swift in Sources */ = {isa = PBXBuildFile; fileRef = B8A100000000000000000013 /* WorkstationTerminalSessionChrome.swift */; };
		B8A100000000000000000017 /* WorkstationToolbarModifier.swift in Sources */ = {isa = PBXBuildFile; fileRef = B8A100000000000000000016 /* WorkstationToolbarModifier.swift */; };
		28AE8531E7ADB862080A2502 /* DiagnosticsManager.swift in Sources */ = {isa = PBXBuildFile; fileRef = E6BA478CCB76C4787B9E87D9 /* DiagnosticsManager.swift */; };
		30964E866A545DA1A90499AD /* OrbitTermApp.swift in Sources */ = {isa = PBXBuildFile; fileRef = 8A5F5D8DD631076A80C6B264 /* OrbitTermApp.swift */; };
		31895C1956E5C7C1F3A12F8F /* DeepLinkManager.swift in Sources */ = {isa = PBXBuildFile; fileRef = 4C9A8C3DE225D64B8E39E2BA /* DeepLinkManager.swift */; };
		329B0B9F26D8939958B1425E /* ServerStore.swift in Sources */ = {isa = PBXBuildFile; fileRef = AED26C552B7072D2AAC4669F /* ServerStore.swift */; };
		3410CEE4ED16A4BBDB851E8A /* ServerListView.swift in Sources */ = {isa = PBXBuildFile; fileRef = 21BA8750BFF4212C103320E8 /* ServerListView.swift */; };
		3712CAE59D7C18F9AEE8BF84 /* MainWorkstationView.swift in Sources */ = {isa = PBXBuildFile; fileRef = 16F52E3B6E83F077783BEC22 /* MainWorkstationView.swift */; };
		3720F726734FDE2BA5EA3491 /* SFTPBrowserView.swift in Sources */ = {isa = PBXBuildFile; fileRef = CF8482667CCEAB37877728A8 /* SFTPBrowserView.swift */; };
		37C9B427752B20DE73F01307 /* TerminalService.swift in Sources */ = {isa = PBXBuildFile; fileRef = 82956A0F1C5D1E30A78D1E37 /* TerminalService.swift */; };
		38806BB8055D8F7FD995F17D /* DiagnosticsExportView.swift in Sources */ = {isa = PBXBuildFile; fileRef = 38CC52AC1F19BBC544F8D872 /* DiagnosticsExportView.swift */; };
		38D00146CCC257E6EDBA4582 /* FileSizeFormatter.swift in Sources */ = {isa = PBXBuildFile; fileRef = 9727DF6BCB4A2DC3FFF9644E /* FileSizeFormatter.swift */; };
		390B44D1B24945CC4EBAB4C1 /* SwiftTermTerminalView.swift in Sources */ = {isa = PBXBuildFile; fileRef = DAFDE71AA1A69539BB2EA7CD /* SwiftTermTerminalView.swift */; };
		3A17E58824BF9988E1AB1DBC /* SettingsView.swift in Sources */ = {isa = PBXBuildFile; fileRef = 10B229BED0B0F3176FF87E7A /* SettingsView.swift */; };
		3AA24B2C0C58DB4864AFE901 /* KeychainManager.swift in Sources */ = {isa = PBXBuildFile; fileRef = EEA155A9F65638E6194ADA93 /* KeychainManager.swift */; };
		3DBFDFBCF613C85F01A8B88D /* MonitorService.swift in Sources */ = {isa = PBXBuildFile; fileRef = 9F14341CBA2F36F648BF5800 /* MonitorService.swift */; };
		B8A100000000000000000040 /* MonitorStatsPayload.swift in Sources */ = {isa = PBXBuildFile; fileRef = B8A100000000000000000042 /* MonitorStatsPayload.swift */; };
		B8A100000000000000000043 /* MonitorPollingPolicy.swift in Sources */ = {isa = PBXBuildFile; fileRef = B8A100000000000000000045 /* MonitorPollingPolicy.swift */; };
		B8A100000000000000000046 /* MonitorTargetStore.swift in Sources */ = {isa = PBXBuildFile; fileRef = B8A100000000000000000048 /* MonitorTargetStore.swift */; };
		4021421D690695D056F88B95 /* SettingsView.swift in Sources */ = {isa = PBXBuildFile; fileRef = 10B229BED0B0F3176FF87E7A /* SettingsView.swift */; };
		5212877D1742D0E62BF5BF0A /* SwiftTerm in Frameworks */ = {isa = PBXBuildFile; productRef = 5C0FE5421C2C7F89752C7FBD /* SwiftTerm */; };
		528562FF18CF1DF45221B0E7 /* WorkstationLayoutMetrics.swift in Sources */ = {isa = PBXBuildFile; fileRef = 91CF5B57FA41C8FB507E27B6 /* WorkstationLayoutMetrics.swift */; };
		52FCAA84026D316FC64704FC /* DetachedSessionWindowView.swift in Sources */ = {isa = PBXBuildFile; fileRef = 79C98A67B69AA654CC5A6B77 /* DetachedSessionWindowView.swift */; };
		5317C2D57A549A07C99F2426 /* TelnetClient.swift in Sources */ = {isa = PBXBuildFile; fileRef = 5B0DB0DE0CCDDA52D06A792C /* TelnetClient.swift */; };
		5486AB2E26E30B6C331A4C1B /* WorkstationMonitorDetailViews.swift in Sources */ = {isa = PBXBuildFile; fileRef = 0406A2602C8DCBFAD157B5E5 /* WorkstationMonitorDetailViews.swift */; };
		55782C4392B3436284F01CCA /* ServerStore.swift in Sources */ = {isa = PBXBuildFile; fileRef = AED26C552B7072D2AAC4669F /* ServerStore.swift */; };
		5640BE786C6F90A9FCC3203A /* TerminalService.swift in Sources */ = {isa = PBXBuildFile; fileRef = 82956A0F1C5D1E30A78D1E37 /* TerminalService.swift */; };
		578F8F3554FEB1F83DF9B7CC /* BiometricAuthService.swift in Sources */ = {isa = PBXBuildFile; fileRef = 924DF400619ABD0FB4150133 /* BiometricAuthService.swift */; };
		58E2DD7AB605954D9FB0A998 /* SFTPManager.swift in Sources */ = {isa = PBXBuildFile; fileRef = 77D09730A51A26B9E686F253 /* SFTPManager.swift */; };
		B7E3F1B2C4D5968701020303 /* SFTPManager+Mock.swift in Sources */ = {isa = PBXBuildFile; fileRef = B7E3F1B2C4D5968701020301 /* SFTPManager+Mock.swift */; };
		B7E3F1B2C4D5968701020304 /* SFTPModels.swift in Sources */ = {isa = PBXBuildFile; fileRef = B7E3F1B2C4D5968701020302 /* SFTPModels.swift */; };
		B7E3F1B2C4D5968701020308 /* SFTPBatchDownloader.swift in Sources */ = {isa = PBXBuildFile; fileRef = B7E3F1B2C4D5968701020307 /* SFTPBatchDownloader.swift */; };
		B7E3F1B2C4D5968701020311 /* SFTPManager+FileOperations.swift in Sources */ = {isa = PBXBuildFile; fileRef = B7E3F1B2C4D5968701020310 /* SFTPManager+FileOperations.swift */; };
		B7E3F1B2C4D5968701020314 /* SFTPManager+Transfers.swift in Sources */ = {isa = PBXBuildFile; fileRef = B7E3F1B2C4D5968701020313 /* SFTPManager+Transfers.swift */; };
		B7E3F1B2C4D5968701020317 /* SFTPManager+Connection.swift in Sources */ = {isa = PBXBuildFile; fileRef = B7E3F1B2C4D5968701020316 /* SFTPManager+Connection.swift */; };
		B7E3F1B2C4D5968701020320 /* SFTPManager+Directory.swift in Sources */ = {isa = PBXBuildFile; fileRef = B7E3F1B2C4D5968701020319 /* SFTPManager+Directory.swift */; };
		59DDA7271AFC11CD75C39606 /* BatchCommandRunnerView.swift in Sources */ = {isa = PBXBuildFile; fileRef = 23CDE6AF8E0550184AC99A12 /* BatchCommandRunnerView.swift */; };
		5B4B0A4E7FD8556F5557BC7C /* SessionManager.swift in Sources */ = {isa = PBXBuildFile; fileRef = 530F2F2B65A5D82BAE62ED55 /* SessionManager.swift */; };
		5C144C6F938F96E9A34F819F /* View+InputPolish.swift in Sources */ = {isa = PBXBuildFile; fileRef = C4D20A08173AB8233A253AF7 /* View+InputPolish.swift */; };
		61BFC3FD1801C09266473767 /* TelnetClient.swift in Sources */ = {isa = PBXBuildFile; fileRef = 5B0DB0DE0CCDDA52D06A792C /* TelnetClient.swift */; };
		64F544A29C8DC4526D624C8F /* OrbitTermApp.swift in Sources */ = {isa = PBXBuildFile; fileRef = 8A5F5D8DD631076A80C6B264 /* OrbitTermApp.swift */; };
		67536C13CA08E03FF3A12BA8 /* DockerService.swift in Sources */ = {isa = PBXBuildFile; fileRef = 8B49A5D57724B8383BD06C96 /* DockerService.swift */; };
		690C05D5E1CAC7BCB13D8D3E /* MonitorDashboardView.swift in Sources */ = {isa = PBXBuildFile; fileRef = DEF1B8EB20CEE14349EB99A4 /* MonitorDashboardView.swift */; };
		6952D2F9DB5485D20F9D799D /* SessionManager.swift in Sources */ = {isa = PBXBuildFile; fileRef = 530F2F2B65A5D82BAE62ED55 /* SessionManager.swift */; };
		749429BFF654F1AB265411AF /* View+InputPolish.swift in Sources */ = {isa = PBXBuildFile; fileRef = C4D20A08173AB8233A253AF7 /* View+InputPolish.swift */; };
		7537219233F149DD96EE566D /* NetworkService.swift in Sources */ = {isa = PBXBuildFile; fileRef = 3E350EEBEDEBFBF07726ECA4 /* NetworkService.swift */; };
		A7E3F1B2C4D5968701020305 /* RustFFI.swift in Sources */ = {isa = PBXBuildFile; fileRef = A7E3F1B2C4D5968701020304 /* RustFFI.swift */; };
		76E0101D1870FB15B265D176 /* TabBarView.swift in Sources */ = {isa = PBXBuildFile; fileRef = 62847EC28220849324529ECF /* TabBarView.swift */; };
		791C864C97C94860BC072BA1 /* AppSession.swift in Sources */ = {isa = PBXBuildFile; fileRef = 2DC29E7DEA20362E09F501D3 /* AppSession.swift */; };
		79C01AB0151A55725DB45DC8 /* WorkstationSFTPDialogs.swift in Sources */ = {isa = PBXBuildFile; fileRef = EBF252B95C1A0A974038062E /* WorkstationSFTPDialogs.swift */; };
		79C11DB569DDBD8E23356C35 /* AssetManagerView.swift in Sources */ = {isa = PBXBuildFile; fileRef = 04FFDB29556DE5419BEB4E78 /* AssetManagerView.swift */; };
		7BCDEB379D2BCBD46813D516 /* BatchCommandRunnerView.swift in Sources */ = {isa = PBXBuildFile; fileRef = 23CDE6AF8E0550184AC99A12 /* BatchCommandRunnerView.swift */; };
		7C977D075E101CF4239514D8 /* SwiftTerm in Frameworks */ = {isa = PBXBuildFile; productRef = 9C72235D0D53A8B38F2E0FA5 /* SwiftTerm */; };
		7F38D279C57A1E4693BDA47D /* WorkstationTerminalSessionPane.swift in Sources */ = {isa = PBXBuildFile; fileRef = A3DE23E2FB664A118F6B8646 /* WorkstationTerminalSessionPane.swift */; };
		7F996E7D9810AEABC9BE7BCA /* SwiftTermTerminalView.swift in Sources */ = {isa = PBXBuildFile; fileRef = DAFDE71AA1A69539BB2EA7CD /* SwiftTermTerminalView.swift */; };
		84DCCEEBB105C8E4BB112AD3 /* AppSession.swift in Sources */ = {isa = PBXBuildFile; fileRef = 2DC29E7DEA20362E09F501D3 /* AppSession.swift */; };
		85652ACC0968D7AF4EF480CD /* SFTPBrowserView.swift in Sources */ = {isa = PBXBuildFile; fileRef = CF8482667CCEAB37877728A8 /* SFTPBrowserView.swift */; };
		875E84D50E1D56A200A5CBA1 /* WorkstationMonitorCardView.swift in Sources */ = {isa = PBXBuildFile; fileRef = 24CD1624F5A719FD6E790B98 /* WorkstationMonitorCardView.swift */; };
		87B279A9934945274515773E /* DockerManagerView.swift in Sources */ = {isa = PBXBuildFile; fileRef = 7156371597A178C490DF8ABD /* DockerManagerView.swift */; };
		8835C97A39B6523BD90EA986 /* OrbitManager.swift in Sources */ = {isa = PBXBuildFile; fileRef = E5EA4E9F3A6AD954AB0C814C /* OrbitManager.swift */; };
		8BDBD2BE0DADEEF7F7E2AAAF /* SyncService.swift in Sources */ = {isa = PBXBuildFile; fileRef = C3E0EFB34CACD29FEB53B377 /* SyncService.swift */; };
		8FB790CC339CDD3B1B2136B2 /* OrbitManager.swift in Sources */ = {isa = PBXBuildFile; fileRef = E5EA4E9F3A6AD954AB0C814C /* OrbitManager.swift */; };
		915DEF261D70D05F1E1A58CA /* SnippetStore.swift in Sources */ = {isa = PBXBuildFile; fileRef = 9A91FAC92F6EEB51AACE1DEB /* SnippetStore.swift */; };
		94B6DD52F6058B3F1B49B0BA /* WorkstationSFTPCardView.swift in Sources */ = {isa = PBXBuildFile; fileRef = FAA681CD5E929D54BAF59BA3 /* WorkstationSFTPCardView.swift */; };
		95AA66DE4E5FB3134C135579 /* DeepLinkManager.swift in Sources */ = {isa = PBXBuildFile; fileRef = 4C9A8C3DE225D64B8E39E2BA /* DeepLinkManager.swift */; };
		9650F6C78AD055B8782127F0 /* DiagnosticsManager.swift in Sources */ = {isa = PBXBuildFile; fileRef = E6BA478CCB76C4787B9E87D9 /* DiagnosticsManager.swift */; };
		96E09D4124DD6D872620222F /* WorkstationMonitorDetailViews.swift in Sources */ = {isa = PBXBuildFile; fileRef = 0406A2602C8DCBFAD157B5E5 /* WorkstationMonitorDetailViews.swift */; };
		9B0F0B374F2C7C7BB4014906 /* DiagnosticsExportView.swift in Sources */ = {isa = PBXBuildFile; fileRef = 38CC52AC1F19BBC544F8D872 /* DiagnosticsExportView.swift */; };
		9F1366E7205ADC8CF2850D1D /* WorkstationCollapsedFeatureRow.swift in Sources */ = {isa = PBXBuildFile; fileRef = 841FF37C9A712E391D0B0781 /* WorkstationCollapsedFeatureRow.swift */; };
		9F34C0206362FA67CED289A3 /* CredentialVault.swift in Sources */ = {isa = PBXBuildFile; fileRef = 190E90A490AB0BEFD1B5F1EA /* CredentialVault.swift */; };
		A11F4C91A92CC0D933C8ACE7 /* CredentialVault.swift in Sources */ = {isa = PBXBuildFile; fileRef = 190E90A490AB0BEFD1B5F1EA /* CredentialVault.swift */; };
		A39C5F36E325D6D11857435F /* SyncService.swift in Sources */ = {isa = PBXBuildFile; fileRef = C3E0EFB34CACD29FEB53B377 /* SyncService.swift */; };
		A6A86BCCFF5A1E9CF688B9A8 /* BiometricAuthService.swift in Sources */ = {isa = PBXBuildFile; fileRef = 924DF400619ABD0FB4150133 /* BiometricAuthService.swift */; };
		AA180C68437B90DAC47E8B14 /* MainWorkstationView.swift in Sources */ = {isa = PBXBuildFile; fileRef = 16F52E3B6E83F077783BEC22 /* MainWorkstationView.swift */; };
		AAA8E9F1710C3DED7287020F /* Assets.xcassets in Resources */ = {isa = PBXBuildFile; fileRef = A0599BB6B03494D8A6791ABA /* Assets.xcassets */; };
		AD6D297C9DE3F41779D516C6 /* WorkstationSnippetsCardView.swift in Sources */ = {isa = PBXBuildFile; fileRef = A8EC0F86958319CF2CAC049C /* WorkstationSnippetsCardView.swift */; };
		AD8E1A9588059B0F0CE41021 /* WorkstationRightPanelView.swift in Sources */ = {isa = PBXBuildFile; fileRef = 274E45B4B0BE1E3D047A0300 /* WorkstationRightPanelView.swift */; };
		B8A100000000000000000003 /* WorkstationSheetsAndAlerts.swift in Sources */ = {isa = PBXBuildFile; fileRef = B8A100000000000000000001 /* WorkstationSheetsAndAlerts.swift */; };
		B8A100000000000000000006 /* WorkstationStressController.swift in Sources */ = {isa = PBXBuildFile; fileRef = B8A100000000000000000004 /* WorkstationStressController.swift */; };
		B8A100000000000000000009 /* WorkstationTerminalSplitLayoutView.swift in Sources */ = {isa = PBXBuildFile; fileRef = B8A100000000000000000007 /* WorkstationTerminalSplitLayoutView.swift */; };
		B8A10000000000000000000C /* WorkstationTerminalDropUploadModifier.swift in Sources */ = {isa = PBXBuildFile; fileRef = B8A10000000000000000000A /* WorkstationTerminalDropUploadModifier.swift */; };
		B8A10000000000000000000F /* WorkstationTerminalSearchOverlay.swift in Sources */ = {isa = PBXBuildFile; fileRef = B8A10000000000000000000D /* WorkstationTerminalSearchOverlay.swift */; };
		B8A100000000000000000012 /* WorkstationTerminalToolbarView.swift in Sources */ = {isa = PBXBuildFile; fileRef = B8A100000000000000000010 /* WorkstationTerminalToolbarView.swift */; };
		B8A100000000000000000015 /* WorkstationTerminalSessionChrome.swift in Sources */ = {isa = PBXBuildFile; fileRef = B8A100000000000000000013 /* WorkstationTerminalSessionChrome.swift */; };
		B8A100000000000000000018 /* WorkstationToolbarModifier.swift in Sources */ = {isa = PBXBuildFile; fileRef = B8A100000000000000000016 /* WorkstationToolbarModifier.swift */; };
		B8A10000000000000000001A /* MobileSessionViews.swift in Sources */ = {isa = PBXBuildFile; fileRef = B8A100000000000000000019 /* MobileSessionViews.swift */; };
		B8A10000000000000000001B /* MobileSessionViews.swift in Sources */ = {isa = PBXBuildFile; fileRef = B8A100000000000000000019 /* MobileSessionViews.swift */; };
		B8A100000000000000000028 /* MobileSessionComponents.swift in Sources */ = {isa = PBXBuildFile; fileRef = B8A10000000000000000002A /* MobileSessionComponents.swift */; };
		B8A100000000000000000029 /* MobileSessionComponents.swift in Sources */ = {isa = PBXBuildFile; fileRef = B8A10000000000000000002A /* MobileSessionComponents.swift */; };
		B8A10000000000000000002B /* SwiftTermPlatformSupport.swift in Sources */ = {isa = PBXBuildFile; fileRef = B8A10000000000000000002D /* SwiftTermPlatformSupport.swift */; };
		B8A10000000000000000002C /* SwiftTermPlatformSupport.swift in Sources */ = {isa = PBXBuildFile; fileRef = B8A10000000000000000002D /* SwiftTermPlatformSupport.swift */; };
		B8A10000000000000000002E /* WorkspaceSession.swift in Sources */ = {isa = PBXBuildFile; fileRef = B8A100000000000000000030 /* WorkspaceSession.swift */; };
		B8A10000000000000000002F /* WorkspaceSession.swift in Sources */ = {isa = PBXBuildFile; fileRef = B8A100000000000000000030 /* WorkspaceSession.swift */; };
		B8A100000000000000000031 /* ShellPathResolver.swift in Sources */ = {isa = PBXBuildFile; fileRef = B8A100000000000000000033 /* ShellPathResolver.swift */; };
		B8A100000000000000000032 /* ShellPathResolver.swift in Sources */ = {isa = PBXBuildFile; fileRef = B8A100000000000000000033 /* ShellPathResolver.swift */; };
		B8A100000000000000000034 /* CredentialInputHelpers.swift in Sources */ = {isa = PBXBuildFile; fileRef = B8A100000000000000000036 /* CredentialInputHelpers.swift */; };
		B8A100000000000000000035 /* CredentialInputHelpers.swift in Sources */ = {isa = PBXBuildFile; fileRef = B8A100000000000000000036 /* CredentialInputHelpers.swift */; };
		B8A100000000000000000037 /* SFTPBrowserPathHelper.swift in Sources */ = {isa = PBXBuildFile; fileRef = B8A100000000000000000039 /* SFTPBrowserPathHelper.swift */; };
		B8A100000000000000000038 /* SFTPBrowserPathHelper.swift in Sources */ = {isa = PBXBuildFile; fileRef = B8A100000000000000000039 /* SFTPBrowserPathHelper.swift */; };
		B8A100000000000000000049 /* SFTPBatchOperationFormatter.swift in Sources */ = {isa = PBXBuildFile; fileRef = B8A10000000000000000004B /* SFTPBatchOperationFormatter.swift */; };
		B8A10000000000000000004A /* SFTPBatchOperationFormatter.swift in Sources */ = {isa = PBXBuildFile; fileRef = B8A10000000000000000004B /* SFTPBatchOperationFormatter.swift */; };
		B8A10000000000000000004C /* SFTPBrowserEditState.swift in Sources */ = {isa = PBXBuildFile; fileRef = B8A10000000000000000004E /* SFTPBrowserEditState.swift */; };
		B8A10000000000000000004D /* SFTPBrowserEditState.swift in Sources */ = {isa = PBXBuildFile; fileRef = B8A10000000000000000004E /* SFTPBrowserEditState.swift */; };
		B8A10000000000000000004F /* SFTPBrowserBatchState.swift in Sources */ = {isa = PBXBuildFile; fileRef = B8A100000000000000000051 /* SFTPBrowserBatchState.swift */; };
		B8A100000000000000000050 /* SFTPBrowserBatchState.swift in Sources */ = {isa = PBXBuildFile; fileRef = B8A100000000000000000051 /* SFTPBrowserBatchState.swift */; };
		B8A100000000000000000052 /* SFTPBrowserConnectionDraft.swift in Sources */ = {isa = PBXBuildFile; fileRef = B8A100000000000000000054 /* SFTPBrowserConnectionDraft.swift */; };
		B8A100000000000000000053 /* SFTPBrowserConnectionDraft.swift in Sources */ = {isa = PBXBuildFile; fileRef = B8A100000000000000000054 /* SFTPBrowserConnectionDraft.swift */; };
		B8A100000000000000000055 /* SFTPActivityShareSheet.swift in Sources */ = {isa = PBXBuildFile; fileRef = B8A100000000000000000057 /* SFTPActivityShareSheet.swift */; };
		B8A100000000000000000056 /* SFTPActivityShareSheet.swift in Sources */ = {isa = PBXBuildFile; fileRef = B8A100000000000000000057 /* SFTPActivityShareSheet.swift */; };
		B8A100000000000000000058 /* SFTPDropUploadHandler.swift in Sources */ = {isa = PBXBuildFile; fileRef = B8A10000000000000000005A /* SFTPDropUploadHandler.swift */; };
		B8A100000000000000000059 /* SFTPDropUploadHandler.swift in Sources */ = {isa = PBXBuildFile; fileRef = B8A10000000000000000005A /* SFTPDropUploadHandler.swift */; };
		B8A10000000000000000005B /* SnippetEditorDraft.swift in Sources */ = {isa = PBXBuildFile; fileRef = B8A10000000000000000005D /* SnippetEditorDraft.swift */; };
		B8A10000000000000000005C /* SnippetEditorDraft.swift in Sources */ = {isa = PBXBuildFile; fileRef = B8A10000000000000000005D /* SnippetEditorDraft.swift */; };
		B8A10000000000000000005E /* SnippetVariablePrompt.swift in Sources */ = {isa = PBXBuildFile; fileRef = B8A100000000000000000060 /* SnippetVariablePrompt.swift */; };
		B8A10000000000000000005F /* SnippetVariablePrompt.swift in Sources */ = {isa = PBXBuildFile; fileRef = B8A100000000000000000060 /* SnippetVariablePrompt.swift */; };
		B8A100000000000000000061 /* SnippetVariableResolver.swift in Sources */ = {isa = PBXBuildFile; fileRef = B8A100000000000000000063 /* SnippetVariableResolver.swift */; };
		B8A100000000000000000062 /* SnippetVariableResolver.swift in Sources */ = {isa = PBXBuildFile; fileRef = B8A100000000000000000063 /* SnippetVariableResolver.swift */; };
		B8A10000000000000000003A /* AddServerValidation.swift in Sources */ = {isa = PBXBuildFile; fileRef = B8A10000000000000000003C /* AddServerValidation.swift */; };
		B8A10000000000000000003B /* AddServerValidation.swift in Sources */ = {isa = PBXBuildFile; fileRef = B8A10000000000000000003C /* AddServerValidation.swift */; };
		B8A10000000000000000003D /* AddServerDraftBuilder.swift in Sources */ = {isa = PBXBuildFile; fileRef = B8A10000000000000000003F /* AddServerDraftBuilder.swift */; };
		B8A10000000000000000003E /* AddServerDraftBuilder.swift in Sources */ = {isa = PBXBuildFile; fileRef = B8A10000000000000000003F /* AddServerDraftBuilder.swift */; };
		B8A10000000000000000001D /* AssetBulkAddSheet.swift in Sources */ = {isa = PBXBuildFile; fileRef = B8A10000000000000000001C /* AssetBulkAddSheet.swift */; };
		B8A10000000000000000001E /* AssetBulkAddSheet.swift in Sources */ = {isa = PBXBuildFile; fileRef = B8A10000000000000000001C /* AssetBulkAddSheet.swift */; };
		B8A100000000000000000020 /* AssetQuickKeySetupSheet.swift in Sources */ = {isa = PBXBuildFile; fileRef = B8A10000000000000000001F /* AssetQuickKeySetupSheet.swift */; };
		B8A100000000000000000021 /* AssetQuickKeySetupSheet.swift in Sources */ = {isa = PBXBuildFile; fileRef = B8A10000000000000000001F /* AssetQuickKeySetupSheet.swift */; };
		B8A100000000000000000023 /* AddServerFormComponents.swift in Sources */ = {isa = PBXBuildFile; fileRef = B8A100000000000000000022 /* AddServerFormComponents.swift */; };
		B8A100000000000000000024 /* AddServerFormComponents.swift in Sources */ = {isa = PBXBuildFile; fileRef = B8A100000000000000000022 /* AddServerFormComponents.swift */; };
		B8A100000000000000000026 /* SFTPBrowserComponents.swift in Sources */ = {isa = PBXBuildFile; fileRef = B8A100000000000000000025 /* SFTPBrowserComponents.swift */; };
		B8A100000000000000000027 /* SFTPBrowserComponents.swift in Sources */ = {isa = PBXBuildFile; fileRef = B8A100000000000000000025 /* SFTPBrowserComponents.swift */; };
		AFF1D8B2C45D35B9B44C3285 /* SnippetsPanelView.swift in Sources */ = {isa = PBXBuildFile; fileRef = 1117F7A981D07A249B0CDBD7 /* SnippetsPanelView.swift */; };
		B04BBC89E70A62AAF9095CEA /* WorkstationTerminalSessionPane.swift in Sources */ = {isa = PBXBuildFile; fileRef = A3DE23E2FB664A118F6B8646 /* WorkstationTerminalSessionPane.swift */; };
		B0702EC01B476677C22715E6 /* Assets.xcassets in Resources */ = {isa = PBXBuildFile; fileRef = A0599BB6B03494D8A6791ABA /* Assets.xcassets */; };
		B1547A01247E01C13B756C9E /* SFTPManager.swift in Sources */ = {isa = PBXBuildFile; fileRef = 77D09730A51A26B9E686F253 /* SFTPManager.swift */; };
		B7E3F1B2C4D5968701020305 /* SFTPManager+Mock.swift in Sources */ = {isa = PBXBuildFile; fileRef = B7E3F1B2C4D5968701020301 /* SFTPManager+Mock.swift */; };
		B7E3F1B2C4D5968701020306 /* SFTPModels.swift in Sources */ = {isa = PBXBuildFile; fileRef = B7E3F1B2C4D5968701020302 /* SFTPModels.swift */; };
		B7E3F1B2C4D5968701020309 /* SFTPBatchDownloader.swift in Sources */ = {isa = PBXBuildFile; fileRef = B7E3F1B2C4D5968701020307 /* SFTPBatchDownloader.swift */; };
		B7E3F1B2C4D5968701020312 /* SFTPManager+FileOperations.swift in Sources */ = {isa = PBXBuildFile; fileRef = B7E3F1B2C4D5968701020310 /* SFTPManager+FileOperations.swift */; };
		B7E3F1B2C4D5968701020315 /* SFTPManager+Transfers.swift in Sources */ = {isa = PBXBuildFile; fileRef = B7E3F1B2C4D5968701020313 /* SFTPManager+Transfers.swift */; };
		B7E3F1B2C4D5968701020318 /* SFTPManager+Connection.swift in Sources */ = {isa = PBXBuildFile; fileRef = B7E3F1B2C4D5968701020316 /* SFTPManager+Connection.swift */; };
		B7E3F1B2C4D5968701020321 /* SFTPManager+Directory.swift in Sources */ = {isa = PBXBuildFile; fileRef = B7E3F1B2C4D5968701020319 /* SFTPManager+Directory.swift */; };
		B809495F666036CEF46DA5F7 /* MonitorService.swift in Sources */ = {isa = PBXBuildFile; fileRef = 9F14341CBA2F36F648BF5800 /* MonitorService.swift */; };
		B8A100000000000000000041 /* MonitorStatsPayload.swift in Sources */ = {isa = PBXBuildFile; fileRef = B8A100000000000000000042 /* MonitorStatsPayload.swift */; };
		B8A100000000000000000044 /* MonitorPollingPolicy.swift in Sources */ = {isa = PBXBuildFile; fileRef = B8A100000000000000000045 /* MonitorPollingPolicy.swift */; };
		B8A100000000000000000047 /* MonitorTargetStore.swift in Sources */ = {isa = PBXBuildFile; fileRef = B8A100000000000000000048 /* MonitorTargetStore.swift */; };
		B9B69373552C389EA0D991D7 /* SnippetStore.swift in Sources */ = {isa = PBXBuildFile; fileRef = 9A91FAC92F6EEB51AACE1DEB /* SnippetStore.swift */; };
		BBED422CCFC31B5F7D38D725 /* KeychainManager.swift in Sources */ = {isa = PBXBuildFile; fileRef = EEA155A9F65638E6194ADA93 /* KeychainManager.swift */; };
		BBF64F6A16727778986E2B24 /* DockerManagerView.swift in Sources */ = {isa = PBXBuildFile; fileRef = 7156371597A178C490DF8ABD /* DockerManagerView.swift */; };
		C3F661036F847112CA11C87D /* AuthView.swift in Sources */ = {isa = PBXBuildFile; fileRef = 20EA2AC1C67C6744ECBB46BD /* AuthView.swift */; };
		CA301A189253FDCB70F0BB14 /* WorkstationDockerCardView.swift in Sources */ = {isa = PBXBuildFile; fileRef = 9BF8175E63892D99108F4789 /* WorkstationDockerCardView.swift */; };
		D32A2630B47540D9846461F9 /* NetworkService.swift in Sources */ = {isa = PBXBuildFile; fileRef = 3E350EEBEDEBFBF07726ECA4 /* NetworkService.swift */; };
		A7E3F1B2C4D5968701020306 /* RustFFI.swift in Sources */ = {isa = PBXBuildFile; fileRef = A7E3F1B2C4D5968701020304 /* RustFFI.swift */; };
		D6439AEECD4CACDF386120B4 /* WorkstationSFTPCardView.swift in Sources */ = {isa = PBXBuildFile; fileRef = FAA681CD5E929D54BAF59BA3 /* WorkstationSFTPCardView.swift */; };
		D73945F35D103F36900752C6 /* DockerService.swift in Sources */ = {isa = PBXBuildFile; fileRef = 8B49A5D57724B8383BD06C96 /* DockerService.swift */; };
		D7582594F04FB2E4C5812CCC /* FileSizeFormatter.swift in Sources */ = {isa = PBXBuildFile; fileRef = 9727DF6BCB4A2DC3FFF9644E /* FileSizeFormatter.swift */; };
		DA03ABEB5754E7E8BC42E676 /* WorkstationDockerCardView.swift in Sources */ = {isa = PBXBuildFile; fileRef = 9BF8175E63892D99108F4789 /* WorkstationDockerCardView.swift */; };
		E42A9A249C32B1E0FEF03732 /* WorkstationSFTPDialogs.swift in Sources */ = {isa = PBXBuildFile; fileRef = EBF252B95C1A0A974038062E /* WorkstationSFTPDialogs.swift */; };
		E7907F3D7B64FC7DEF6CA09C /* AddServerView.swift in Sources */ = {isa = PBXBuildFile; fileRef = 1BDEC92E6B4B8974125CB64A /* AddServerView.swift */; };
		EB18551F6941809822CC4368 /* ContentView.swift in Sources */ = {isa = PBXBuildFile; fileRef = 381EB860DD822B532F60A2E4 /* ContentView.swift */; };
		ECDE1ACDE1B1D6F7A0E078B5 /* MasterPasswordGateView.swift in Sources */ = {isa = PBXBuildFile; fileRef = 78814C1CD0FE53F972F7011F /* MasterPasswordGateView.swift */; };
		EFED4745678E56EB1D29BDEE /* MonitorDashboardView.swift in Sources */ = {isa = PBXBuildFile; fileRef = DEF1B8EB20CEE14349EB99A4 /* MonitorDashboardView.swift */; };
		F120A962EA8C41B07A6E9457 /* WorkstationAssetSidebarView.swift in Sources */ = {isa = PBXBuildFile; fileRef = BC35C4CE7198F143C318FB84 /* WorkstationAssetSidebarView.swift */; };
		F9554E92C4614C8CFDC6F3BE /* WorkstationCollapsedFeatureRow.swift in Sources */ = {isa = PBXBuildFile; fileRef = 841FF37C9A712E391D0B0781 /* WorkstationCollapsedFeatureRow.swift */; };
		FBAA1C6A14A37B5022F9D8CF /* AssetManagerView.swift in Sources */ = {isa = PBXBuildFile; fileRef = 04FFDB29556DE5419BEB4E78 /* AssetManagerView.swift */; };
		FEEBE43BE00573E47EF35283 /* SnippetsPanelView.swift in Sources */ = {isa = PBXBuildFile; fileRef = 1117F7A981D07A249B0CDBD7 /* SnippetsPanelView.swift */; };
/* End PBXBuildFile section */

/* Begin PBXFileReference section */
		0406A2602C8DCBFAD157B5E5 /* WorkstationMonitorDetailViews.swift */ = {isa = PBXFileReference; lastKnownFileType = sourcecode.swift; path = WorkstationMonitorDetailViews.swift; sourceTree = "<group>"; };
		04FFDB29556DE5419BEB4E78 /* AssetManagerView.swift */ = {isa = PBXFileReference; lastKnownFileType = sourcecode.swift; path = AssetManagerView.swift; sourceTree = "<group>"; };
		10B229BED0B0F3176FF87E7A /* SettingsView.swift */ = {isa = PBXFileReference; lastKnownFileType = sourcecode.swift; path = SettingsView.swift; sourceTree = "<group>"; };
		1117F7A981D07A249B0CDBD7 /* SnippetsPanelView.swift */ = {isa = PBXFileReference; lastKnownFileType = sourcecode.swift; path = SnippetsPanelView.swift; sourceTree = "<group>"; };
		16F52E3B6E83F077783BEC22 /* MainWorkstationView.swift */ = {isa = PBXFileReference; lastKnownFileType = sourcecode.swift; path = MainWorkstationView.swift; sourceTree = "<group>"; };
		190E90A490AB0BEFD1B5F1EA /* CredentialVault.swift */ = {isa = PBXFileReference; lastKnownFileType = sourcecode.swift; path = CredentialVault.swift; sourceTree = "<group>"; };
		1BDEC92E6B4B8974125CB64A /* AddServerView.swift */ = {isa = PBXFileReference; lastKnownFileType = sourcecode.swift; path = AddServerView.swift; sourceTree = "<group>"; };
		20EA2AC1C67C6744ECBB46BD /* AuthView.swift */ = {isa = PBXFileReference; lastKnownFileType = sourcecode.swift; path = AuthView.swift; sourceTree = "<group>"; };
		21BA8750BFF4212C103320E8 /* ServerListView.swift */ = {isa = PBXFileReference; lastKnownFileType = sourcecode.swift; path = ServerListView.swift; sourceTree = "<group>"; };
		23CDE6AF8E0550184AC99A12 /* BatchCommandRunnerView.swift */ = {isa = PBXFileReference; lastKnownFileType = sourcecode.swift; path = BatchCommandRunnerView.swift; sourceTree = "<group>"; };
		24CD1624F5A719FD6E790B98 /* WorkstationMonitorCardView.swift */ = {isa = PBXFileReference; lastKnownFileType = sourcecode.swift; path = WorkstationMonitorCardView.swift; sourceTree = "<group>"; };
		2DC29E7DEA20362E09F501D3 /* AppSession.swift */ = {isa = PBXFileReference; lastKnownFileType = sourcecode.swift; path = AppSession.swift; sourceTree = "<group>"; };
		381EB860DD822B532F60A2E4 /* ContentView.swift */ = {isa = PBXFileReference; lastKnownFileType = sourcecode.swift; path = ContentView.swift; sourceTree = "<group>"; };
		38CC52AC1F19BBC544F8D872 /* DiagnosticsExportView.swift */ = {isa = PBXFileReference; lastKnownFileType = sourcecode.swift; path = DiagnosticsExportView.swift; sourceTree = "<group>"; };
		3E350EEBEDEBFBF07726ECA4 /* NetworkService.swift */ = {isa = PBXFileReference; lastKnownFileType = sourcecode.swift; path = NetworkService.swift; sourceTree = "<group>"; };
		A7E3F1B2C4D5968701020304 /* RustFFI.swift */ = {isa = PBXFileReference; lastKnownFileType = sourcecode.swift; path = RustFFI.swift; sourceTree = "<group>"; };
		4C9A8C3DE225D64B8E39E2BA /* DeepLinkManager.swift */ = {isa = PBXFileReference; lastKnownFileType = sourcecode.swift; path = DeepLinkManager.swift; sourceTree = "<group>"; };
		530F2F2B65A5D82BAE62ED55 /* SessionManager.swift */ = {isa = PBXFileReference; lastKnownFileType = sourcecode.swift; path = SessionManager.swift; sourceTree = "<group>"; };
		5B0DB0DE0CCDDA52D06A792C /* TelnetClient.swift */ = {isa = PBXFileReference; lastKnownFileType = sourcecode.swift; path = TelnetClient.swift; sourceTree = "<group>"; };
		62574FF79DCC3A178EE8FDEC /* OrbitTerm.app */ = {isa = PBXFileReference; explicitFileType = wrapper.application; includeInIndex = 0; path = OrbitTerm.app; sourceTree = BUILT_PRODUCTS_DIR; };
		62847EC28220849324529ECF /* TabBarView.swift */ = {isa = PBXFileReference; lastKnownFileType = sourcecode.swift; path = TabBarView.swift; sourceTree = "<group>"; };
		7156371597A178C490DF8ABD /* DockerManagerView.swift */ = {isa = PBXFileReference; lastKnownFileType = sourcecode.swift; path = DockerManagerView.swift; sourceTree = "<group>"; };
		77D09730A51A26B9E686F253 /* SFTPManager.swift */ = {isa = PBXFileReference; lastKnownFileType = sourcecode.swift; path = SFTPManager.swift; sourceTree = "<group>"; };
		B7E3F1B2C4D5968701020301 /* SFTPManager+Mock.swift */ = {isa = PBXFileReference; lastKnownFileType = sourcecode.swift; path = "SFTPManager+Mock.swift"; sourceTree = "<group>"; };
		B7E3F1B2C4D5968701020302 /* SFTPModels.swift */ = {isa = PBXFileReference; lastKnownFileType = sourcecode.swift; path = SFTPModels.swift; sourceTree = "<group>"; };
		B7E3F1B2C4D5968701020307 /* SFTPBatchDownloader.swift */ = {isa = PBXFileReference; lastKnownFileType = sourcecode.swift; path = SFTPBatchDownloader.swift; sourceTree = "<group>"; };
		B7E3F1B2C4D5968701020310 /* SFTPManager+FileOperations.swift */ = {isa = PBXFileReference; lastKnownFileType = sourcecode.swift; path = "SFTPManager+FileOperations.swift"; sourceTree = "<group>"; };
		B7E3F1B2C4D5968701020313 /* SFTPManager+Transfers.swift */ = {isa = PBXFileReference; lastKnownFileType = sourcecode.swift; path = "SFTPManager+Transfers.swift"; sourceTree = "<group>"; };
		B7E3F1B2C4D5968701020316 /* SFTPManager+Connection.swift */ = {isa = PBXFileReference; lastKnownFileType = sourcecode.swift; path = "SFTPManager+Connection.swift"; sourceTree = "<group>"; };
		B7E3F1B2C4D5968701020319 /* SFTPManager+Directory.swift */ = {isa = PBXFileReference; lastKnownFileType = sourcecode.swift; path = "SFTPManager+Directory.swift"; sourceTree = "<group>"; };
		78814C1CD0FE53F972F7011F /* MasterPasswordGateView.swift */ = {isa = PBXFileReference; lastKnownFileType = sourcecode.swift; path = MasterPasswordGateView.swift; sourceTree = "<group>"; };
		79C98A67B69AA654CC5A6B77 /* DetachedSessionWindowView.swift */ = {isa = PBXFileReference; lastKnownFileType = sourcecode.swift; path = DetachedSessionWindowView.swift; sourceTree = "<group>"; };
		82956A0F1C5D1E30A78D1E37 /* TerminalService.swift */ = {isa = PBXFileReference; lastKnownFileType = sourcecode.swift; path = TerminalService.swift; sourceTree = "<group>"; };
		841FF37C9A712E391D0B0781 /* WorkstationCollapsedFeatureRow.swift */ = {isa = PBXFileReference; lastKnownFileType = sourcecode.swift; path = WorkstationCollapsedFeatureRow.swift; sourceTree = "<group>"; };
		8A5F5D8DD631076A80C6B264 /* OrbitTermApp.swift */ = {isa = PBXFileReference; lastKnownFileType = sourcecode.swift; path = OrbitTermApp.swift; sourceTree = "<group>"; };
		8B49A5D57724B8383BD06C96 /* DockerService.swift */ = {isa = PBXFileReference; lastKnownFileType = sourcecode.swift; path = DockerService.swift; sourceTree = "<group>"; };
		91CF5B57FA41C8FB507E27B6 /* WorkstationLayoutMetrics.swift */ = {isa = PBXFileReference; lastKnownFileType = sourcecode.swift; path = WorkstationLayoutMetrics.swift; sourceTree = "<group>"; };
		924DF400619ABD0FB4150133 /* BiometricAuthService.swift */ = {isa = PBXFileReference; lastKnownFileType = sourcecode.swift; path = BiometricAuthService.swift; sourceTree = "<group>"; };
		9727DF6BCB4A2DC3FFF9644E /* FileSizeFormatter.swift */ = {isa = PBXFileReference; lastKnownFileType = sourcecode.swift; path = FileSizeFormatter.swift; sourceTree = "<group>"; };
		9A91FAC92F6EEB51AACE1DEB /* SnippetStore.swift */ = {isa = PBXFileReference; lastKnownFileType = sourcecode.swift; path = SnippetStore.swift; sourceTree = "<group>"; };
		9BF8175E63892D99108F4789 /* WorkstationDockerCardView.swift */ = {isa = PBXFileReference; lastKnownFileType = sourcecode.swift; path = WorkstationDockerCardView.swift; sourceTree = "<group>"; };
		9F14341CBA2F36F648BF5800 /* MonitorService.swift */ = {isa = PBXFileReference; lastKnownFileType = sourcecode.swift; path = MonitorService.swift; sourceTree = "<group>"; };
		B8A100000000000000000042 /* MonitorStatsPayload.swift */ = {isa = PBXFileReference; lastKnownFileType = sourcecode.swift; path = MonitorStatsPayload.swift; sourceTree = "<group>"; };
		B8A100000000000000000045 /* MonitorPollingPolicy.swift */ = {isa = PBXFileReference; lastKnownFileType = sourcecode.swift; path = MonitorPollingPolicy.swift; sourceTree = "<group>"; };
		B8A100000000000000000048 /* MonitorTargetStore.swift */ = {isa = PBXFileReference; lastKnownFileType = sourcecode.swift; path = MonitorTargetStore.swift; sourceTree = "<group>"; };
		A0599BB6B03494D8A6791ABA /* Assets.xcassets */ = {isa = PBXFileReference; lastKnownFileType = folder.assetcatalog; path = Assets.xcassets; sourceTree = "<group>"; };
		A3DE23E2FB664A118F6B8646 /* WorkstationTerminalSessionPane.swift */ = {isa = PBXFileReference; lastKnownFileType = sourcecode.swift; path = WorkstationTerminalSessionPane.swift; sourceTree = "<group>"; };
		A622FE572935B57F21E6515A /* OrbitTerm.app */ = {isa = PBXFileReference; includeInIndex = 0; lastKnownFileType = wrapper.application; path = OrbitTerm.app; sourceTree = BUILT_PRODUCTS_DIR; };
		A8EC0F86958319CF2CAC049C /* WorkstationSnippetsCardView.swift */ = {isa = PBXFileReference; lastKnownFileType = sourcecode.swift; path = WorkstationSnippetsCardView.swift; sourceTree = "<group>"; };
		274E45B4B0BE1E3D047A0300 /* WorkstationRightPanelView.swift */ = {isa = PBXFileReference; lastKnownFileType = sourcecode.swift; path = WorkstationRightPanelView.swift; sourceTree = "<group>"; };
		B8A100000000000000000001 /* WorkstationSheetsAndAlerts.swift */ = {isa = PBXFileReference; lastKnownFileType = sourcecode.swift; path = WorkstationSheetsAndAlerts.swift; sourceTree = "<group>"; };
		B8A100000000000000000004 /* WorkstationStressController.swift */ = {isa = PBXFileReference; lastKnownFileType = sourcecode.swift; path = WorkstationStressController.swift; sourceTree = "<group>"; };
		B8A100000000000000000007 /* WorkstationTerminalSplitLayoutView.swift */ = {isa = PBXFileReference; lastKnownFileType = sourcecode.swift; path = WorkstationTerminalSplitLayoutView.swift; sourceTree = "<group>"; };
		B8A10000000000000000000A /* WorkstationTerminalDropUploadModifier.swift */ = {isa = PBXFileReference; lastKnownFileType = sourcecode.swift; path = WorkstationTerminalDropUploadModifier.swift; sourceTree = "<group>"; };
		B8A10000000000000000000D /* WorkstationTerminalSearchOverlay.swift */ = {isa = PBXFileReference; lastKnownFileType = sourcecode.swift; path = WorkstationTerminalSearchOverlay.swift; sourceTree = "<group>"; };
		B8A100000000000000000010 /* WorkstationTerminalToolbarView.swift */ = {isa = PBXFileReference; lastKnownFileType = sourcecode.swift; path = WorkstationTerminalToolbarView.swift; sourceTree = "<group>"; };
		B8A100000000000000000013 /* WorkstationTerminalSessionChrome.swift */ = {isa = PBXFileReference; lastKnownFileType = sourcecode.swift; path = WorkstationTerminalSessionChrome.swift; sourceTree = "<group>"; };
		B8A100000000000000000016 /* WorkstationToolbarModifier.swift */ = {isa = PBXFileReference; lastKnownFileType = sourcecode.swift; path = WorkstationToolbarModifier.swift; sourceTree = "<group>"; };
		B8A100000000000000000019 /* MobileSessionViews.swift */ = {isa = PBXFileReference; lastKnownFileType = sourcecode.swift; path = MobileSessionViews.swift; sourceTree = "<group>"; };
		B8A10000000000000000002A /* MobileSessionComponents.swift */ = {isa = PBXFileReference; lastKnownFileType = sourcecode.swift; path = MobileSessionComponents.swift; sourceTree = "<group>"; };
		B8A10000000000000000002D /* SwiftTermPlatformSupport.swift */ = {isa = PBXFileReference; lastKnownFileType = sourcecode.swift; path = SwiftTermPlatformSupport.swift; sourceTree = "<group>"; };
		B8A100000000000000000030 /* WorkspaceSession.swift */ = {isa = PBXFileReference; lastKnownFileType = sourcecode.swift; path = WorkspaceSession.swift; sourceTree = "<group>"; };
		B8A100000000000000000033 /* ShellPathResolver.swift */ = {isa = PBXFileReference; lastKnownFileType = sourcecode.swift; path = ShellPathResolver.swift; sourceTree = "<group>"; };
		B8A100000000000000000036 /* CredentialInputHelpers.swift */ = {isa = PBXFileReference; lastKnownFileType = sourcecode.swift; path = CredentialInputHelpers.swift; sourceTree = "<group>"; };
		B8A100000000000000000039 /* SFTPBrowserPathHelper.swift */ = {isa = PBXFileReference; lastKnownFileType = sourcecode.swift; path = SFTPBrowserPathHelper.swift; sourceTree = "<group>"; };
		B8A10000000000000000004B /* SFTPBatchOperationFormatter.swift */ = {isa = PBXFileReference; lastKnownFileType = sourcecode.swift; path = SFTPBatchOperationFormatter.swift; sourceTree = "<group>"; };
		B8A10000000000000000004E /* SFTPBrowserEditState.swift */ = {isa = PBXFileReference; lastKnownFileType = sourcecode.swift; path = SFTPBrowserEditState.swift; sourceTree = "<group>"; };
		B8A100000000000000000051 /* SFTPBrowserBatchState.swift */ = {isa = PBXFileReference; lastKnownFileType = sourcecode.swift; path = SFTPBrowserBatchState.swift; sourceTree = "<group>"; };
		B8A100000000000000000054 /* SFTPBrowserConnectionDraft.swift */ = {isa = PBXFileReference; lastKnownFileType = sourcecode.swift; path = SFTPBrowserConnectionDraft.swift; sourceTree = "<group>"; };
		B8A100000000000000000057 /* SFTPActivityShareSheet.swift */ = {isa = PBXFileReference; lastKnownFileType = sourcecode.swift; path = SFTPActivityShareSheet.swift; sourceTree = "<group>"; };
		B8A10000000000000000005A /* SFTPDropUploadHandler.swift */ = {isa = PBXFileReference; lastKnownFileType = sourcecode.swift; path = SFTPDropUploadHandler.swift; sourceTree = "<group>"; };
		B8A10000000000000000005D /* SnippetEditorDraft.swift */ = {isa = PBXFileReference; lastKnownFileType = sourcecode.swift; path = SnippetEditorDraft.swift; sourceTree = "<group>"; };
		B8A100000000000000000060 /* SnippetVariablePrompt.swift */ = {isa = PBXFileReference; lastKnownFileType = sourcecode.swift; path = SnippetVariablePrompt.swift; sourceTree = "<group>"; };
		B8A100000000000000000063 /* SnippetVariableResolver.swift */ = {isa = PBXFileReference; lastKnownFileType = sourcecode.swift; path = SnippetVariableResolver.swift; sourceTree = "<group>"; };
		B8A10000000000000000003C /* AddServerValidation.swift */ = {isa = PBXFileReference; lastKnownFileType = sourcecode.swift; path = AddServerValidation.swift; sourceTree = "<group>"; };
		B8A10000000000000000003F /* AddServerDraftBuilder.swift */ = {isa = PBXFileReference; lastKnownFileType = sourcecode.swift; path = AddServerDraftBuilder.swift; sourceTree = "<group>"; };
		B8A10000000000000000001C /* AssetBulkAddSheet.swift */ = {isa = PBXFileReference; lastKnownFileType = sourcecode.swift; path = AssetBulkAddSheet.swift; sourceTree = "<group>"; };
		B8A10000000000000000001F /* AssetQuickKeySetupSheet.swift */ = {isa = PBXFileReference; lastKnownFileType = sourcecode.swift; path = AssetQuickKeySetupSheet.swift; sourceTree = "<group>"; };
		B8A100000000000000000022 /* AddServerFormComponents.swift */ = {isa = PBXFileReference; lastKnownFileType = sourcecode.swift; path = AddServerFormComponents.swift; sourceTree = "<group>"; };
		B8A100000000000000000025 /* SFTPBrowserComponents.swift */ = {isa = PBXFileReference; lastKnownFileType = sourcecode.swift; path = SFTPBrowserComponents.swift; sourceTree = "<group>"; };
		AED26C552B7072D2AAC4669F /* ServerStore.swift */ = {isa = PBXFileReference; lastKnownFileType = sourcecode.swift; path = ServerStore.swift; sourceTree = "<group>"; };
		B4D7532938F0DC9FF02B25D6 /* Info.plist */ = {isa = PBXFileReference; lastKnownFileType = text.plist; path = Info.plist; sourceTree = "<group>"; };
		BC35C4CE7198F143C318FB84 /* WorkstationAssetSidebarView.swift */ = {isa = PBXFileReference; lastKnownFileType = sourcecode.swift; path = WorkstationAssetSidebarView.swift; sourceTree = "<group>"; };
		C3E0EFB34CACD29FEB53B377 /* SyncService.swift */ = {isa = PBXFileReference; lastKnownFileType = sourcecode.swift; path = SyncService.swift; sourceTree = "<group>"; };
		C4D20A08173AB8233A253AF7 /* View+InputPolish.swift */ = {isa = PBXFileReference; lastKnownFileType = sourcecode.swift; path = "View+InputPolish.swift"; sourceTree = "<group>"; };
		CF0C018CC927BA3B0E42EE18 /* orbit_core.h */ = {isa = PBXFileReference; lastKnownFileType = sourcecode.c.h; path = orbit_core.h; sourceTree = "<group>"; };
		CF8482667CCEAB37877728A8 /* SFTPBrowserView.swift */ = {isa = PBXFileReference; lastKnownFileType = sourcecode.swift; path = SFTPBrowserView.swift; sourceTree = "<group>"; };
		DAFDE71AA1A69539BB2EA7CD /* SwiftTermTerminalView.swift */ = {isa = PBXFileReference; lastKnownFileType = sourcecode.swift; path = SwiftTermTerminalView.swift; sourceTree = "<group>"; };
		DEF1B8EB20CEE14349EB99A4 /* MonitorDashboardView.swift */ = {isa = PBXFileReference; lastKnownFileType = sourcecode.swift; path = MonitorDashboardView.swift; sourceTree = "<group>"; };
		E5EA4E9F3A6AD954AB0C814C /* OrbitManager.swift */ = {isa = PBXFileReference; lastKnownFileType = sourcecode.swift; path = OrbitManager.swift; sourceTree = "<group>"; };
		E6BA478CCB76C4787B9E87D9 /* DiagnosticsManager.swift */ = {isa = PBXFileReference; lastKnownFileType = sourcecode.swift; path = DiagnosticsManager.swift; sourceTree = "<group>"; };
		EBF252B95C1A0A974038062E /* WorkstationSFTPDialogs.swift */ = {isa = PBXFileReference; lastKnownFileType = sourcecode.swift; path = WorkstationSFTPDialogs.swift; sourceTree = "<group>"; };
		ED34A104EBBDBA17DC64A535 /* OrbitTerm-Bridging-Header.h */ = {isa = PBXFileReference; lastKnownFileType = sourcecode.c.h; path = "OrbitTerm-Bridging-Header.h"; sourceTree = "<group>"; };
		EEA155A9F65638E6194ADA93 /* KeychainManager.swift */ = {isa = PBXFileReference; lastKnownFileType = sourcecode.swift; path = KeychainManager.swift; sourceTree = "<group>"; };
		FAA681CD5E929D54BAF59BA3 /* WorkstationSFTPCardView.swift */ = {isa = PBXFileReference; lastKnownFileType = sourcecode.swift; path = WorkstationSFTPCardView.swift; sourceTree = "<group>"; };
/* End PBXFileReference section */

/* Begin PBXFrameworksBuildPhase section */
		50C67EA4B15856743A51E78A /* Frameworks */ = {
			isa = PBXFrameworksBuildPhase;
			buildActionMask = 2147483647;
			files = (
				5212877D1742D0E62BF5BF0A /* SwiftTerm in Frameworks */,
			);
			runOnlyForDeploymentPostprocessing = 0;
		};
		A24922311842AC6B2ED133E9 /* Frameworks */ = {
			isa = PBXFrameworksBuildPhase;
			buildActionMask = 2147483647;
			files = (
				7C977D075E101CF4239514D8 /* SwiftTerm in Frameworks */,
			);
			runOnlyForDeploymentPostprocessing = 0;
		};
/* End PBXFrameworksBuildPhase section */

/* Begin PBXGroup section */
		04E8CCCF20C7677B9A01498F /* Core */ = {
			isa = PBXGroup;
			children = (
				2DC29E7DEA20362E09F501D3 /* AppSession.swift */,
				924DF400619ABD0FB4150133 /* BiometricAuthService.swift */,
				190E90A490AB0BEFD1B5F1EA /* CredentialVault.swift */,
				B8A100000000000000000036 /* CredentialInputHelpers.swift */,
				4C9A8C3DE225D64B8E39E2BA /* DeepLinkManager.swift */,
				E6BA478CCB76C4787B9E87D9 /* DiagnosticsManager.swift */,
				8B49A5D57724B8383BD06C96 /* DockerService.swift */,
				9727DF6BCB4A2DC3FFF9644E /* FileSizeFormatter.swift */,
				EEA155A9F65638E6194ADA93 /* KeychainManager.swift */,
				9F14341CBA2F36F648BF5800 /* MonitorService.swift */,
				B8A100000000000000000042 /* MonitorStatsPayload.swift */,
				B8A100000000000000000045 /* MonitorPollingPolicy.swift */,
				B8A100000000000000000048 /* MonitorTargetStore.swift */,
				3E350EEBEDEBFBF07726ECA4 /* NetworkService.swift */,
				E5EA4E9F3A6AD954AB0C814C /* OrbitManager.swift */,
				A7E3F1B2C4D5968701020304 /* RustFFI.swift */,
				AED26C552B7072D2AAC4669F /* ServerStore.swift */,
				530F2F2B65A5D82BAE62ED55 /* SessionManager.swift */,
				B8A100000000000000000030 /* WorkspaceSession.swift */,
				B8A100000000000000000033 /* ShellPathResolver.swift */,
				77D09730A51A26B9E686F253 /* SFTPManager.swift */,
				B7E3F1B2C4D5968701020307 /* SFTPBatchDownloader.swift */,
				B7E3F1B2C4D5968701020316 /* SFTPManager+Connection.swift */,
				B7E3F1B2C4D5968701020319 /* SFTPManager+Directory.swift */,
				B7E3F1B2C4D5968701020310 /* SFTPManager+FileOperations.swift */,
				B7E3F1B2C4D5968701020301 /* SFTPManager+Mock.swift */,
				B7E3F1B2C4D5968701020302 /* SFTPModels.swift */,
				B7E3F1B2C4D5968701020313 /* SFTPManager+Transfers.swift */,
				9A91FAC92F6EEB51AACE1DEB /* SnippetStore.swift */,
				C3E0EFB34CACD29FEB53B377 /* SyncService.swift */,
				5B0DB0DE0CCDDA52D06A792C /* TelnetClient.swift */,
				82956A0F1C5D1E30A78D1E37 /* TerminalService.swift */,
				C4D20A08173AB8233A253AF7 /* View+InputPolish.swift */,
			);
			path = Core;
			sourceTree = "<group>";
		};
		173BC5B3F73CD6F401A097AF /* Home */ = {
			isa = PBXGroup;
			children = (
				1BDEC92E6B4B8974125CB64A /* AddServerView.swift */,
				B8A100000000000000000022 /* AddServerFormComponents.swift */,
				B8A10000000000000000003C /* AddServerValidation.swift */,
				B8A10000000000000000003F /* AddServerDraftBuilder.swift */,
				04FFDB29556DE5419BEB4E78 /* AssetManagerView.swift */,
				B8A10000000000000000001C /* AssetBulkAddSheet.swift */,
				B8A10000000000000000001F /* AssetQuickKeySetupSheet.swift */,
				23CDE6AF8E0550184AC99A12 /* BatchCommandRunnerView.swift */,
				79C98A67B69AA654CC5A6B77 /* DetachedSessionWindowView.swift */,
				38CC52AC1F19BBC544F8D872 /* DiagnosticsExportView.swift */,
				7156371597A178C490DF8ABD /* DockerManagerView.swift */,
				16F52E3B6E83F077783BEC22 /* MainWorkstationView.swift */,
				DEF1B8EB20CEE14349EB99A4 /* MonitorDashboardView.swift */,
				21BA8750BFF4212C103320E8 /* ServerListView.swift */,
				10B229BED0B0F3176FF87E7A /* SettingsView.swift */,
				CF8482667CCEAB37877728A8 /* SFTPBrowserView.swift */,
				B8A100000000000000000025 /* SFTPBrowserComponents.swift */,
				B8A100000000000000000039 /* SFTPBrowserPathHelper.swift */,
				B8A10000000000000000004B /* SFTPBatchOperationFormatter.swift */,
				B8A10000000000000000004E /* SFTPBrowserEditState.swift */,
				B8A100000000000000000051 /* SFTPBrowserBatchState.swift */,
				B8A100000000000000000054 /* SFTPBrowserConnectionDraft.swift */,
				B8A100000000000000000057 /* SFTPActivityShareSheet.swift */,
				B8A10000000000000000005A /* SFTPDropUploadHandler.swift */,
				1117F7A981D07A249B0CDBD7 /* SnippetsPanelView.swift */,
				B8A10000000000000000005D /* SnippetEditorDraft.swift */,
				B8A100000000000000000060 /* SnippetVariablePrompt.swift */,
				B8A100000000000000000063 /* SnippetVariableResolver.swift */,
				DAFDE71AA1A69539BB2EA7CD /* SwiftTermTerminalView.swift */,
				B8A10000000000000000002D /* SwiftTermPlatformSupport.swift */,
				62847EC28220849324529ECF /* TabBarView.swift */,
				BC35C4CE7198F143C318FB84 /* WorkstationAssetSidebarView.swift */,
				841FF37C9A712E391D0B0781 /* WorkstationCollapsedFeatureRow.swift */,
				9BF8175E63892D99108F4789 /* WorkstationDockerCardView.swift */,
				91CF5B57FA41C8FB507E27B6 /* WorkstationLayoutMetrics.swift */,
				24CD1624F5A719FD6E790B98 /* WorkstationMonitorCardView.swift */,
				0406A2602C8DCBFAD157B5E5 /* WorkstationMonitorDetailViews.swift */,
				274E45B4B0BE1E3D047A0300 /* WorkstationRightPanelView.swift */,
				B8A100000000000000000001 /* WorkstationSheetsAndAlerts.swift */,
				B8A100000000000000000004 /* WorkstationStressController.swift */,
				FAA681CD5E929D54BAF59BA3 /* WorkstationSFTPCardView.swift */,
				EBF252B95C1A0A974038062E /* WorkstationSFTPDialogs.swift */,
				A8EC0F86958319CF2CAC049C /* WorkstationSnippetsCardView.swift */,
				B8A100000000000000000007 /* WorkstationTerminalSplitLayoutView.swift */,
				B8A10000000000000000000A /* WorkstationTerminalDropUploadModifier.swift */,
				B8A10000000000000000000D /* WorkstationTerminalSearchOverlay.swift */,
				B8A100000000000000000010 /* WorkstationTerminalToolbarView.swift */,
				B8A100000000000000000013 /* WorkstationTerminalSessionChrome.swift */,
				B8A100000000000000000016 /* WorkstationToolbarModifier.swift */,
				A3DE23E2FB664A118F6B8646 /* WorkstationTerminalSessionPane.swift */,
			);
			path = Home;
			sourceTree = "<group>";
		};
		3D708A1AEECA8BCA1AE1F6A2 /* Security */ = {
			isa = PBXGroup;
			children = (
				78814C1CD0FE53F972F7011F /* MasterPasswordGateView.swift */,
			);
			path = Security;
			sourceTree = "<group>";
		};
		55E960C43CA3B61CEA371CD1 /* CBridge */ = {
			isa = PBXGroup;
			children = (
				CF0C018CC927BA3B0E42EE18 /* orbit_core.h */,
				ED34A104EBBDBA17DC64A535 /* OrbitTerm-Bridging-Header.h */,
			);
			path = CBridge;
			sourceTree = "<group>";
		};
		5BD31C74C2737D02F64C8B9C /* Products */ = {
			isa = PBXGroup;
			children = (
				A622FE572935B57F21E6515A /* OrbitTerm.app */,
				62574FF79DCC3A178EE8FDEC /* OrbitTerm.app */,
			);
			name = Products;
			sourceTree = "<group>";
		};
		5C8A07681BFCB1AEB32399A7 = {
			isa = PBXGroup;
			children = (
				F8A20BCDC3C022C4D595CEC9 /* OrbitTerm */,
				5BD31C74C2737D02F64C8B9C /* Products */,
			);
			sourceTree = "<group>";
		};
		6B1C763EDB66531565F3A7C2 /* App */ = {
			isa = PBXGroup;
			children = (
				381EB860DD822B532F60A2E4 /* ContentView.swift */,
				B8A100000000000000000019 /* MobileSessionViews.swift */,
				B8A10000000000000000002A /* MobileSessionComponents.swift */,
				B4D7532938F0DC9FF02B25D6 /* Info.plist */,
				8A5F5D8DD631076A80C6B264 /* OrbitTermApp.swift */,
			);
			path = App;
			sourceTree = "<group>";
		};
		951A304BB80BBEE8C5D88345 /* Auth */ = {
			isa = PBXGroup;
			children = (
				20EA2AC1C67C6744ECBB46BD /* AuthView.swift */,
			);
			path = Auth;
			sourceTree = "<group>";
		};
		F36C787D185F927F358E2DEE /* Features */ = {
			isa = PBXGroup;
			children = (
				951A304BB80BBEE8C5D88345 /* Auth */,
				173BC5B3F73CD6F401A097AF /* Home */,
				3D708A1AEECA8BCA1AE1F6A2 /* Security */,
			);
			path = Features;
			sourceTree = "<group>";
		};
		F8A20BCDC3C022C4D595CEC9 /* OrbitTerm */ = {
			isa = PBXGroup;
			children = (
				A0599BB6B03494D8A6791ABA /* Assets.xcassets */,
				6B1C763EDB66531565F3A7C2 /* App */,
				55E960C43CA3B61CEA371CD1 /* CBridge */,
				04E8CCCF20C7677B9A01498F /* Core */,
				F36C787D185F927F358E2DEE /* Features */,
			);
			path = OrbitTerm;
			sourceTree = "<group>";
		};
/* End PBXGroup section */

/* Begin PBXNativeTarget section */
		5D894F6ED837B8E66D8BC143 /* OrbitTerm_macOS */ = {
			isa = PBXNativeTarget;
			buildConfigurationList = 318334051428B0633709725D /* Build configuration list for PBXNativeTarget "OrbitTerm_macOS" */;
			buildPhases = (
				58DF301231D4A278559E6C26 /* Sources */,
				B0904285199D77C88957CF81 /* Resources */,
				A24922311842AC6B2ED133E9 /* Frameworks */,
			);
			buildRules = (
			);
			dependencies = (
			);
			name = OrbitTerm_macOS;
			packageProductDependencies = (
				9C72235D0D53A8B38F2E0FA5 /* SwiftTerm */,
			);
			productName = OrbitTerm_macOS;
			productReference = 62574FF79DCC3A178EE8FDEC /* OrbitTerm.app */;
			productType = "com.apple.product-type.application";
		};
		9037F5C81C57EF6606CFD7B1 /* OrbitTerm_iOS */ = {
			isa = PBXNativeTarget;
			buildConfigurationList = 1C5BD1ABC5D14EC31A38F2CB /* Build configuration list for PBXNativeTarget "OrbitTerm_iOS" */;
			buildPhases = (
				BB0507047F99AEB4F2572F27 /* Sources */,
				337B62E78ABACF3559405ACD /* Resources */,
				50C67EA4B15856743A51E78A /* Frameworks */,
			);
			buildRules = (
			);
			dependencies = (
			);
			name = OrbitTerm_iOS;
			packageProductDependencies = (
				5C0FE5421C2C7F89752C7FBD /* SwiftTerm */,
			);
			productName = OrbitTerm_iOS;
			productReference = A622FE572935B57F21E6515A /* OrbitTerm.app */;
			productType = "com.apple.product-type.application";
		};
/* End PBXNativeTarget section */

/* Begin PBXProject section */
		FAEA315B2E50CA0FAB31ED7F /* Project object */ = {
			isa = PBXProject;
			attributes = {
				BuildIndependentTargetsInParallel = YES;
				LastUpgradeCheck = 1430;
				TargetAttributes = {
					5D894F6ED837B8E66D8BC143 = {
						ProvisioningStyle = Automatic;
					};
					9037F5C81C57EF6606CFD7B1 = {
						ProvisioningStyle = Automatic;
					};
				};
			};
			buildConfigurationList = B0979EF4A02DA3DF25DFC616 /* Build configuration list for PBXProject "OrbitTerm" */;
			developmentRegion = en;
			hasScannedForEncodings = 0;
			knownRegions = (
				Base,
				en,
			);
			mainGroup = 5C8A07681BFCB1AEB32399A7;
			minimizedProjectReferenceProxies = 1;
			packageReferences = (
				4355C47EEEB7C4FF1A17DEFF /* XCRemoteSwiftPackageReference "SwiftTerm" */,
			);
			preferredProjectObjectVersion = 77;
			productRefGroup = 5BD31C74C2737D02F64C8B9C /* Products */;
			projectDirPath = "";
			projectRoot = "";
			targets = (
				9037F5C81C57EF6606CFD7B1 /* OrbitTerm_iOS */,
				5D894F6ED837B8E66D8BC143 /* OrbitTerm_macOS */,
			);
		};
/* End PBXProject section */

/* Begin PBXResourcesBuildPhase section */
		337B62E78ABACF3559405ACD /* Resources */ = {
			isa = PBXResourcesBuildPhase;
			buildActionMask = 2147483647;
			files = (
				B0702EC01B476677C22715E6 /* Assets.xcassets in Resources */,
			);
			runOnlyForDeploymentPostprocessing = 0;
		};
		B0904285199D77C88957CF81 /* Resources */ = {
			isa = PBXResourcesBuildPhase;
			buildActionMask = 2147483647;
			files = (
				AAA8E9F1710C3DED7287020F /* Assets.xcassets in Resources */,
			);
			runOnlyForDeploymentPostprocessing = 0;
		};
/* End PBXResourcesBuildPhase section */

/* Begin PBXSourcesBuildPhase section */
		58DF301231D4A278559E6C26 /* Sources */ = {
			isa = PBXSourcesBuildPhase;
			buildActionMask = 2147483647;
			files = (
				0AD79FEB4AD1DF5ABCA1FB30 /* AddServerView.swift in Sources */,
				B8A100000000000000000023 /* AddServerFormComponents.swift in Sources */,
				B8A10000000000000000003A /* AddServerValidation.swift in Sources */,
				B8A10000000000000000003D /* AddServerDraftBuilder.swift in Sources */,
				84DCCEEBB105C8E4BB112AD3 /* AppSession.swift in Sources */,
				FBAA1C6A14A37B5022F9D8CF /* AssetManagerView.swift in Sources */,
				B8A10000000000000000001D /* AssetBulkAddSheet.swift in Sources */,
				B8A100000000000000000020 /* AssetQuickKeySetupSheet.swift in Sources */,
				2449C17F29FFCB7D459E7F14 /* AuthView.swift in Sources */,
				7BCDEB379D2BCBD46813D516 /* BatchCommandRunnerView.swift in Sources */,
				578F8F3554FEB1F83DF9B7CC /* BiometricAuthService.swift in Sources */,
				EB18551F6941809822CC4368 /* ContentView.swift in Sources */,
				B8A10000000000000000001A /* MobileSessionViews.swift in Sources */,
				B8A100000000000000000028 /* MobileSessionComponents.swift in Sources */,
				9F34C0206362FA67CED289A3 /* CredentialVault.swift in Sources */,
				95AA66DE4E5FB3134C135579 /* DeepLinkManager.swift in Sources */,
				086D528ACD82CB8CA67C1584 /* DetachedSessionWindowView.swift in Sources */,
				38806BB8055D8F7FD995F17D /* DiagnosticsExportView.swift in Sources */,
				28AE8531E7ADB862080A2502 /* DiagnosticsManager.swift in Sources */,
				87B279A9934945274515773E /* DockerManagerView.swift in Sources */,
				67536C13CA08E03FF3A12BA8 /* DockerService.swift in Sources */,
				38D00146CCC257E6EDBA4582 /* FileSizeFormatter.swift in Sources */,
				BBED422CCFC31B5F7D38D725 /* KeychainManager.swift in Sources */,
				3712CAE59D7C18F9AEE8BF84 /* MainWorkstationView.swift in Sources */,
				13D1330ECE0E17F6F27753EA /* MasterPasswordGateView.swift in Sources */,
				690C05D5E1CAC7BCB13D8D3E /* MonitorDashboardView.swift in Sources */,
				3DBFDFBCF613C85F01A8B88D /* MonitorService.swift in Sources */,
				B8A100000000000000000040 /* MonitorStatsPayload.swift in Sources */,
				B8A100000000000000000043 /* MonitorPollingPolicy.swift in Sources */,
				B8A100000000000000000046 /* MonitorTargetStore.swift in Sources */,
				7537219233F149DD96EE566D /* NetworkService.swift in Sources */,
				8FB790CC339CDD3B1B2136B2 /* OrbitManager.swift in Sources */,
				A7E3F1B2C4D5968701020305 /* RustFFI.swift in Sources */,
				64F544A29C8DC4526D624C8F /* OrbitTermApp.swift in Sources */,
				3720F726734FDE2BA5EA3491 /* SFTPBrowserView.swift in Sources */,
				B8A100000000000000000026 /* SFTPBrowserComponents.swift in Sources */,
				B8A100000000000000000037 /* SFTPBrowserPathHelper.swift in Sources */,
				B8A100000000000000000049 /* SFTPBatchOperationFormatter.swift in Sources */,
				B8A10000000000000000004C /* SFTPBrowserEditState.swift in Sources */,
				B8A10000000000000000004F /* SFTPBrowserBatchState.swift in Sources */,
				B8A100000000000000000052 /* SFTPBrowserConnectionDraft.swift in Sources */,
				B8A100000000000000000055 /* SFTPActivityShareSheet.swift in Sources */,
				B8A100000000000000000058 /* SFTPDropUploadHandler.swift in Sources */,
				58E2DD7AB605954D9FB0A998 /* SFTPManager.swift in Sources */,
				B7E3F1B2C4D5968701020308 /* SFTPBatchDownloader.swift in Sources */,
				B7E3F1B2C4D5968701020317 /* SFTPManager+Connection.swift in Sources */,
				B7E3F1B2C4D5968701020320 /* SFTPManager+Directory.swift in Sources */,
				B7E3F1B2C4D5968701020311 /* SFTPManager+FileOperations.swift in Sources */,
				B7E3F1B2C4D5968701020303 /* SFTPManager+Mock.swift in Sources */,
				B7E3F1B2C4D5968701020304 /* SFTPModels.swift in Sources */,
				B7E3F1B2C4D5968701020314 /* SFTPManager+Transfers.swift in Sources */,
				014ADC98587FFEEED9146A77 /* ServerListView.swift in Sources */,
				55782C4392B3436284F01CCA /* ServerStore.swift in Sources */,
				5B4B0A4E7FD8556F5557BC7C /* SessionManager.swift in Sources */,
				B8A10000000000000000002E /* WorkspaceSession.swift in Sources */,
				B8A100000000000000000031 /* ShellPathResolver.swift in Sources */,
				B8A100000000000000000034 /* CredentialInputHelpers.swift in Sources */,
				3A17E58824BF9988E1AB1DBC /* SettingsView.swift in Sources */,
				B9B69373552C389EA0D991D7 /* SnippetStore.swift in Sources */,
				FEEBE43BE00573E47EF35283 /* SnippetsPanelView.swift in Sources */,
				B8A10000000000000000005B /* SnippetEditorDraft.swift in Sources */,
				B8A10000000000000000005E /* SnippetVariablePrompt.swift in Sources */,
				B8A100000000000000000061 /* SnippetVariableResolver.swift in Sources */,
				7F996E7D9810AEABC9BE7BCA /* SwiftTermTerminalView.swift in Sources */,
				B8A10000000000000000002B /* SwiftTermPlatformSupport.swift in Sources */,
				A39C5F36E325D6D11857435F /* SyncService.swift in Sources */,
				76E0101D1870FB15B265D176 /* TabBarView.swift in Sources */,
				61BFC3FD1801C09266473767 /* TelnetClient.swift in Sources */,
				37C9B427752B20DE73F01307 /* TerminalService.swift in Sources */,
				5C144C6F938F96E9A34F819F /* View+InputPolish.swift in Sources */,
				F120A962EA8C41B07A6E9457 /* WorkstationAssetSidebarView.swift in Sources */,
				F9554E92C4614C8CFDC6F3BE /* WorkstationCollapsedFeatureRow.swift in Sources */,
				DA03ABEB5754E7E8BC42E676 /* WorkstationDockerCardView.swift in Sources */,
				166B59A8E24960CC5E398252 /* WorkstationLayoutMetrics.swift in Sources */,
				128C9369AA7FAA7BDDC505FE /* WorkstationMonitorCardView.swift in Sources */,
				5486AB2E26E30B6C331A4C1B /* WorkstationMonitorDetailViews.swift in Sources */,
				274E45B4B0BE1E3D047A0301 /* WorkstationRightPanelView.swift in Sources */,
				B8A100000000000000000002 /* WorkstationSheetsAndAlerts.swift in Sources */,
				B8A100000000000000000005 /* WorkstationStressController.swift in Sources */,
				D6439AEECD4CACDF386120B4 /* WorkstationSFTPCardView.swift in Sources */,
				E42A9A249C32B1E0FEF03732 /* WorkstationSFTPDialogs.swift in Sources */,
				274A6C9E05F226D23980A92B /* WorkstationSnippetsCardView.swift in Sources */,
				B8A100000000000000000008 /* WorkstationTerminalSplitLayoutView.swift in Sources */,
				B8A10000000000000000000B /* WorkstationTerminalDropUploadModifier.swift in Sources */,
				B8A10000000000000000000E /* WorkstationTerminalSearchOverlay.swift in Sources */,
				B8A100000000000000000011 /* WorkstationTerminalToolbarView.swift in Sources */,
				B8A100000000000000000014 /* WorkstationTerminalSessionChrome.swift in Sources */,
				B8A100000000000000000017 /* WorkstationToolbarModifier.swift in Sources */,
				7F38D279C57A1E4693BDA47D /* WorkstationTerminalSessionPane.swift in Sources */,
			);
			runOnlyForDeploymentPostprocessing = 0;
		};
		BB0507047F99AEB4F2572F27 /* Sources */ = {
			isa = PBXSourcesBuildPhase;
			buildActionMask = 2147483647;
			files = (
				E7907F3D7B64FC7DEF6CA09C /* AddServerView.swift in Sources */,
				B8A100000000000000000024 /* AddServerFormComponents.swift in Sources */,
				B8A10000000000000000003B /* AddServerValidation.swift in Sources */,
				B8A10000000000000000003E /* AddServerDraftBuilder.swift in Sources */,
				791C864C97C94860BC072BA1 /* AppSession.swift in Sources */,
				79C11DB569DDBD8E23356C35 /* AssetManagerView.swift in Sources */,
				B8A10000000000000000001E /* AssetBulkAddSheet.swift in Sources */,
				B8A100000000000000000021 /* AssetQuickKeySetupSheet.swift in Sources */,
				C3F661036F847112CA11C87D /* AuthView.swift in Sources */,
				59DDA7271AFC11CD75C39606 /* BatchCommandRunnerView.swift in Sources */,
				A6A86BCCFF5A1E9CF688B9A8 /* BiometricAuthService.swift in Sources */,
				00D11168A4219FA8EC587704 /* ContentView.swift in Sources */,
				B8A10000000000000000001B /* MobileSessionViews.swift in Sources */,
				B8A100000000000000000029 /* MobileSessionComponents.swift in Sources */,
				A11F4C91A92CC0D933C8ACE7 /* CredentialVault.swift in Sources */,
				31895C1956E5C7C1F3A12F8F /* DeepLinkManager.swift in Sources */,
				52FCAA84026D316FC64704FC /* DetachedSessionWindowView.swift in Sources */,
				9B0F0B374F2C7C7BB4014906 /* DiagnosticsExportView.swift in Sources */,
				9650F6C78AD055B8782127F0 /* DiagnosticsManager.swift in Sources */,
				BBF64F6A16727778986E2B24 /* DockerManagerView.swift in Sources */,
				D73945F35D103F36900752C6 /* DockerService.swift in Sources */,
				D7582594F04FB2E4C5812CCC /* FileSizeFormatter.swift in Sources */,
				3AA24B2C0C58DB4864AFE901 /* KeychainManager.swift in Sources */,
				AA180C68437B90DAC47E8B14 /* MainWorkstationView.swift in Sources */,
				ECDE1ACDE1B1D6F7A0E078B5 /* MasterPasswordGateView.swift in Sources */,
				EFED4745678E56EB1D29BDEE /* MonitorDashboardView.swift in Sources */,
				B809495F666036CEF46DA5F7 /* MonitorService.swift in Sources */,
				B8A100000000000000000041 /* MonitorStatsPayload.swift in Sources */,
				B8A100000000000000000044 /* MonitorPollingPolicy.swift in Sources */,
				B8A100000000000000000047 /* MonitorTargetStore.swift in Sources */,
				D32A2630B47540D9846461F9 /* NetworkService.swift in Sources */,
				8835C97A39B6523BD90EA986 /* OrbitManager.swift in Sources */,
				A7E3F1B2C4D5968701020306 /* RustFFI.swift in Sources */,
				30964E866A545DA1A90499AD /* OrbitTermApp.swift in Sources */,
				85652ACC0968D7AF4EF480CD /* SFTPBrowserView.swift in Sources */,
				B8A100000000000000000027 /* SFTPBrowserComponents.swift in Sources */,
				B8A100000000000000000038 /* SFTPBrowserPathHelper.swift in Sources */,
				B8A10000000000000000004A /* SFTPBatchOperationFormatter.swift in Sources */,
				B8A10000000000000000004D /* SFTPBrowserEditState.swift in Sources */,
				B8A100000000000000000050 /* SFTPBrowserBatchState.swift in Sources */,
				B8A100000000000000000053 /* SFTPBrowserConnectionDraft.swift in Sources */,
				B8A100000000000000000056 /* SFTPActivityShareSheet.swift in Sources */,
				B8A100000000000000000059 /* SFTPDropUploadHandler.swift in Sources */,
				B1547A01247E01C13B756C9E /* SFTPManager.swift in Sources */,
				B7E3F1B2C4D5968701020309 /* SFTPBatchDownloader.swift in Sources */,
				B7E3F1B2C4D5968701020318 /* SFTPManager+Connection.swift in Sources */,
				B7E3F1B2C4D5968701020321 /* SFTPManager+Directory.swift in Sources */,
				B7E3F1B2C4D5968701020312 /* SFTPManager+FileOperations.swift in Sources */,
				B7E3F1B2C4D5968701020305 /* SFTPManager+Mock.swift in Sources */,
				B7E3F1B2C4D5968701020306 /* SFTPModels.swift in Sources */,
				B7E3F1B2C4D5968701020315 /* SFTPManager+Transfers.swift in Sources */,
				3410CEE4ED16A4BBDB851E8A /* ServerListView.swift in Sources */,
				329B0B9F26D8939958B1425E /* ServerStore.swift in Sources */,
				6952D2F9DB5485D20F9D799D /* SessionManager.swift in Sources */,
				B8A10000000000000000002F /* WorkspaceSession.swift in Sources */,
				B8A100000000000000000032 /* ShellPathResolver.swift in Sources */,
				B8A100000000000000000035 /* CredentialInputHelpers.swift in Sources */,
				4021421D690695D056F88B95 /* SettingsView.swift in Sources */,
				915DEF261D70D05F1E1A58CA /* SnippetStore.swift in Sources */,
				AFF1D8B2C45D35B9B44C3285 /* SnippetsPanelView.swift in Sources */,
				B8A10000000000000000005C /* SnippetEditorDraft.swift in Sources */,
				B8A10000000000000000005F /* SnippetVariablePrompt.swift in Sources */,
				B8A100000000000000000062 /* SnippetVariableResolver.swift in Sources */,
				390B44D1B24945CC4EBAB4C1 /* SwiftTermTerminalView.swift in Sources */,
				B8A10000000000000000002C /* SwiftTermPlatformSupport.swift in Sources */,
				8BDBD2BE0DADEEF7F7E2AAAF /* SyncService.swift in Sources */,
				25A69CC08E8B9F245C88948A /* TabBarView.swift in Sources */,
				5317C2D57A549A07C99F2426 /* TelnetClient.swift in Sources */,
				5640BE786C6F90A9FCC3203A /* TerminalService.swift in Sources */,
				749429BFF654F1AB265411AF /* View+InputPolish.swift in Sources */,
				06B5A6A1C64180548A72FBF3 /* WorkstationAssetSidebarView.swift in Sources */,
				9F1366E7205ADC8CF2850D1D /* WorkstationCollapsedFeatureRow.swift in Sources */,
				CA301A189253FDCB70F0BB14 /* WorkstationDockerCardView.swift in Sources */,
				528562FF18CF1DF45221B0E7 /* WorkstationLayoutMetrics.swift in Sources */,
				875E84D50E1D56A200A5CBA1 /* WorkstationMonitorCardView.swift in Sources */,
				96E09D4124DD6D872620222F /* WorkstationMonitorDetailViews.swift in Sources */,
				AD8E1A9588059B0F0CE41021 /* WorkstationRightPanelView.swift in Sources */,
				B8A100000000000000000003 /* WorkstationSheetsAndAlerts.swift in Sources */,
				B8A100000000000000000006 /* WorkstationStressController.swift in Sources */,
				94B6DD52F6058B3F1B49B0BA /* WorkstationSFTPCardView.swift in Sources */,
				79C01AB0151A55725DB45DC8 /* WorkstationSFTPDialogs.swift in Sources */,
				AD6D297C9DE3F41779D516C6 /* WorkstationSnippetsCardView.swift in Sources */,
				B8A100000000000000000009 /* WorkstationTerminalSplitLayoutView.swift in Sources */,
				B8A10000000000000000000C /* WorkstationTerminalDropUploadModifier.swift in Sources */,
				B8A10000000000000000000F /* WorkstationTerminalSearchOverlay.swift in Sources */,
				B8A100000000000000000012 /* WorkstationTerminalToolbarView.swift in Sources */,
				B8A100000000000000000015 /* WorkstationTerminalSessionChrome.swift in Sources */,
				B8A100000000000000000018 /* WorkstationToolbarModifier.swift in Sources */,
				B04BBC89E70A62AAF9095CEA /* WorkstationTerminalSessionPane.swift in Sources */,
			);
			runOnlyForDeploymentPostprocessing = 0;
		};
/* End PBXSourcesBuildPhase section */

/* Begin XCBuildConfiguration section */
		236E19E4BCA2B244C6030CD1 /* Debug */ = {
			isa = XCBuildConfiguration;
			buildSettings = {
				"ARCHS[sdk=iphonesimulator*]" = arm64;
				"ARCHS[sdk=macosx*]" = arm64;
				ASSETCATALOG_COMPILER_APPICON_NAME = AppIcon;
				COMBINE_HIDPI_IMAGES = YES;
				ENABLE_HARDENED_RUNTIME = YES;
				HEADER_SEARCH_PATHS = (
					"$(inherited)",
					"$(SRCROOT)/OrbitTerm/CBridge",
					"$(SRCROOT)/orbit-core/include",
				);
				INFOPLIST_FILE = OrbitTerm/App/Info.plist;
				LD_RUNPATH_SEARCH_PATHS = (
					"$(inherited)",
					"@executable_path/../Frameworks",
				);
				"ONLY_ACTIVE_ARCH[sdk=iphonesimulator*]" = YES;
				"ONLY_ACTIVE_ARCH[sdk=macosx*]" = YES;
				"OTHER_LDFLAGS[sdk=iphoneos*]" = (
					"$(inherited)",
					"$(SRCROOT)/orbit-core/target/aarch64-apple-ios/debug/liborbit_core.a",
				);
				"OTHER_LDFLAGS[sdk=iphonesimulator*]" = (
					"$(inherited)",
					"$(SRCROOT)/orbit-core/target/aarch64-apple-ios-sim/debug/liborbit_core.a",
				);
				"OTHER_LDFLAGS[sdk=macosx*]" = (
					"$(inherited)",
					"$(SRCROOT)/orbit-core/target/aarch64-apple-darwin/debug/liborbit_core.a",
				);
				PRODUCT_NAME = OrbitTerm;
				SDKROOT = macosx;
				SUPPORTED_PLATFORMS = "iphonesimulator iphoneos macosx";
				SWIFT_OBJC_BRIDGING_HEADER = "OrbitTerm/CBridge/OrbitTerm-Bridging-Header.h";
				TARGETED_DEVICE_FAMILY = "1,2";
			};
			name = Debug;
		};
		2C55C06FA0AB54969D895A38 /* Release */ = {
			isa = XCBuildConfiguration;
			buildSettings = {
				"ARCHS[sdk=iphonesimulator*]" = arm64;
				"ARCHS[sdk=macosx*]" = arm64;
				ASSETCATALOG_COMPILER_APPICON_NAME = AppIcon;
				COMBINE_HIDPI_IMAGES = YES;
				ENABLE_HARDENED_RUNTIME = YES;
				HEADER_SEARCH_PATHS = (
					"$(inherited)",
					"$(SRCROOT)/OrbitTerm/CBridge",
					"$(SRCROOT)/orbit-core/include",
				);
				INFOPLIST_FILE = OrbitTerm/App/Info.plist;
				LD_RUNPATH_SEARCH_PATHS = (
					"$(inherited)",
					"@executable_path/../Frameworks",
				);
				"ONLY_ACTIVE_ARCH[sdk=iphonesimulator*]" = YES;
				"ONLY_ACTIVE_ARCH[sdk=macosx*]" = YES;
				"OTHER_LDFLAGS[sdk=iphoneos*]" = (
					"$(inherited)",
					"$(SRCROOT)/orbit-core/target/aarch64-apple-ios/release/liborbit_core.a",
				);
				"OTHER_LDFLAGS[sdk=iphonesimulator*]" = (
					"$(inherited)",
					"$(SRCROOT)/orbit-core/target/aarch64-apple-ios-sim/release/liborbit_core.a",
				);
				"OTHER_LDFLAGS[sdk=macosx*]" = (
					"$(inherited)",
					"$(SRCROOT)/orbit-core/target/aarch64-apple-darwin/release/liborbit_core.a",
				);
				PRODUCT_NAME = OrbitTerm;
				SDKROOT = macosx;
				SUPPORTED_PLATFORMS = "iphonesimulator iphoneos macosx";
				SWIFT_OBJC_BRIDGING_HEADER = "OrbitTerm/CBridge/OrbitTerm-Bridging-Header.h";
				TARGETED_DEVICE_FAMILY = "1,2";
			};
			name = Release;
		};
		511D39B69F34FAF05AF32075 /* Debug */ = {
			isa = XCBuildConfiguration;
			buildSettings = {
				"ARCHS[sdk=iphonesimulator*]" = arm64;
				"ARCHS[sdk=macosx*]" = arm64;
				ASSETCATALOG_COMPILER_APPICON_NAME = AppIcon;
				CODE_SIGN_IDENTITY = "iPhone Developer";
				ENABLE_HARDENED_RUNTIME = YES;
				HEADER_SEARCH_PATHS = (
					"$(inherited)",
					"$(SRCROOT)/OrbitTerm/CBridge",
					"$(SRCROOT)/orbit-core/include",
				);
				INFOPLIST_FILE = OrbitTerm/App/Info.plist;
				LD_RUNPATH_SEARCH_PATHS = (
					"$(inherited)",
					"@executable_path/Frameworks",
				);
				"ONLY_ACTIVE_ARCH[sdk=iphonesimulator*]" = YES;
				"ONLY_ACTIVE_ARCH[sdk=macosx*]" = YES;
				"OTHER_LDFLAGS[sdk=iphoneos*]" = (
					"$(inherited)",
					"$(SRCROOT)/orbit-core/target/aarch64-apple-ios/debug/liborbit_core.a",
				);
				"OTHER_LDFLAGS[sdk=iphonesimulator*]" = (
					"$(inherited)",
					"$(SRCROOT)/orbit-core/target/aarch64-apple-ios-sim/debug/liborbit_core.a",
				);
				"OTHER_LDFLAGS[sdk=macosx*]" = (
					"$(inherited)",
					"$(SRCROOT)/orbit-core/target/aarch64-apple-darwin/debug/liborbit_core.a",
				);
				PRODUCT_NAME = OrbitTerm;
				SDKROOT = iphoneos;
				SUPPORTED_PLATFORMS = "iphonesimulator iphoneos macosx";
				SWIFT_OBJC_BRIDGING_HEADER = "OrbitTerm/CBridge/OrbitTerm-Bridging-Header.h";
				TARGETED_DEVICE_FAMILY = "1,2";
			};
			name = Debug;
		};
		6074F9A97CA8AE95585205E6 /* Debug */ = {
			isa = XCBuildConfiguration;
			buildSettings = {
				ALWAYS_SEARCH_USER_PATHS = NO;
				CLANG_ANALYZER_NONNULL = YES;
				CLANG_ANALYZER_NUMBER_OBJECT_CONVERSION = YES_AGGRESSIVE;
				CLANG_CXX_LANGUAGE_STANDARD = "gnu++14";
				CLANG_CXX_LIBRARY = "libc++";
				CLANG_ENABLE_MODULES = YES;
				CLANG_ENABLE_OBJC_ARC = YES;
				CLANG_ENABLE_OBJC_WEAK = YES;
				CLANG_WARN_BLOCK_CAPTURE_AUTORELEASING = YES;
				CLANG_WARN_BOOL_CONVERSION = YES;
				CLANG_WARN_COMMA = YES;
				CLANG_WARN_CONSTANT_CONVERSION = YES;
				CLANG_WARN_DEPRECATED_OBJC_IMPLEMENTATIONS = YES;
				CLANG_WARN_DIRECT_OBJC_ISA_USAGE = YES_ERROR;
				CLANG_WARN_DOCUMENTATION_COMMENTS = YES;
				CLANG_WARN_EMPTY_BODY = YES;
				CLANG_WARN_ENUM_CONVERSION = YES;
				CLANG_WARN_INFINITE_RECURSION = YES;
				CLANG_WARN_INT_CONVERSION = YES;
				CLANG_WARN_NON_LITERAL_NULL_CONVERSION = YES;
				CLANG_WARN_OBJC_IMPLICIT_RETAIN_SELF = YES;
				CLANG_WARN_OBJC_LITERAL_CONVERSION = YES;
				CLANG_WARN_OBJC_ROOT_CLASS = YES_ERROR;
				CLANG_WARN_QUOTED_INCLUDE_IN_FRAMEWORK_HEADER = YES;
				CLANG_WARN_RANGE_LOOP_ANALYSIS = YES;
				CLANG_WARN_STRICT_PROTOTYPES = YES;
				CLANG_WARN_SUSPICIOUS_MOVE = YES;
				CLANG_WARN_UNGUARDED_AVAILABILITY = YES_AGGRESSIVE;
				CLANG_WARN_UNREACHABLE_CODE = YES;
				CLANG_WARN__DUPLICATE_METHOD_MATCH = YES;
				CODE_SIGN_STYLE = Automatic;
				COPY_PHASE_STRIP = NO;
				CURRENT_PROJECT_VERSION = 20260510;
				DEBUG_INFORMATION_FORMAT = dwarf;
				ENABLE_STRICT_OBJC_MSGSEND = YES;
				ENABLE_TESTABILITY = YES;
				GCC_C_LANGUAGE_STANDARD = gnu11;
				GCC_DYNAMIC_NO_PIC = NO;
				GCC_NO_COMMON_BLOCKS = YES;
				GCC_OPTIMIZATION_LEVEL = 0;
				GCC_PREPROCESSOR_DEFINITIONS = (
					"$(inherited)",
					"DEBUG=1",
				);
				GCC_WARN_64_TO_32_BIT_CONVERSION = YES;
				GCC_WARN_ABOUT_RETURN_TYPE = YES_ERROR;
				GCC_WARN_UNDECLARED_SELECTOR = YES;
				GCC_WARN_UNINITIALIZED_AUTOS = YES_AGGRESSIVE;
				GCC_WARN_UNUSED_FUNCTION = YES;
				GCC_WARN_UNUSED_VARIABLE = YES;
				GENERATE_INFOPLIST_FILE = NO;
				IPHONEOS_DEPLOYMENT_TARGET = 17.0;
				MACOSX_DEPLOYMENT_TARGET = 14.0;
				MARKETING_VERSION = 1.0.1;
				MTL_ENABLE_DEBUG_INFO = INCLUDE_SOURCE;
				MTL_FAST_MATH = YES;
				ONLY_ACTIVE_ARCH = YES;
				PRODUCT_BUNDLE_IDENTIFIER = com.orbitterm.app;
				PRODUCT_NAME = "$(TARGET_NAME)";
				SWIFT_ACTIVE_COMPILATION_CONDITIONS = DEBUG;
				SWIFT_OPTIMIZATION_LEVEL = "-Onone";
				SWIFT_VERSION = 5.0;
			};
			name = Debug;
		};
		ADECE83760DE850973B4DAEC /* Release */ = {
			isa = XCBuildConfiguration;
			buildSettings = {
				ALWAYS_SEARCH_USER_PATHS = NO;
				CLANG_ANALYZER_NONNULL = YES;
				CLANG_ANALYZER_NUMBER_OBJECT_CONVERSION = YES_AGGRESSIVE;
				CLANG_CXX_LANGUAGE_STANDARD = "gnu++14";
				CLANG_CXX_LIBRARY = "libc++";
				CLANG_ENABLE_MODULES = YES;
				CLANG_ENABLE_OBJC_ARC = YES;
				CLANG_ENABLE_OBJC_WEAK = YES;
				CLANG_WARN_BLOCK_CAPTURE_AUTORELEASING = YES;
				CLANG_WARN_BOOL_CONVERSION = YES;
				CLANG_WARN_COMMA = YES;
				CLANG_WARN_CONSTANT_CONVERSION = YES;
				CLANG_WARN_DEPRECATED_OBJC_IMPLEMENTATIONS = YES;
				CLANG_WARN_DIRECT_OBJC_ISA_USAGE = YES_ERROR;
				CLANG_WARN_DOCUMENTATION_COMMENTS = YES;
				CLANG_WARN_EMPTY_BODY = YES;
				CLANG_WARN_ENUM_CONVERSION = YES;
				CLANG_WARN_INFINITE_RECURSION = YES;
				CLANG_WARN_INT_CONVERSION = YES;
				CLANG_WARN_NON_LITERAL_NULL_CONVERSION = YES;
				CLANG_WARN_OBJC_IMPLICIT_RETAIN_SELF = YES;
				CLANG_WARN_OBJC_LITERAL_CONVERSION = YES;
				CLANG_WARN_OBJC_ROOT_CLASS = YES_ERROR;
				CLANG_WARN_QUOTED_INCLUDE_IN_FRAMEWORK_HEADER = YES;
				CLANG_WARN_RANGE_LOOP_ANALYSIS = YES;
				CLANG_WARN_STRICT_PROTOTYPES = YES;
				CLANG_WARN_SUSPICIOUS_MOVE = YES;
				CLANG_WARN_UNGUARDED_AVAILABILITY = YES_AGGRESSIVE;
				CLANG_WARN_UNREACHABLE_CODE = YES;
				CLANG_WARN__DUPLICATE_METHOD_MATCH = YES;
				CODE_SIGN_STYLE = Automatic;
				COPY_PHASE_STRIP = NO;
				CURRENT_PROJECT_VERSION = 20260510;
				DEBUG_INFORMATION_FORMAT = "dwarf-with-dsym";
				ENABLE_NS_ASSERTIONS = NO;
				ENABLE_STRICT_OBJC_MSGSEND = YES;
				GCC_C_LANGUAGE_STANDARD = gnu11;
				GCC_NO_COMMON_BLOCKS = YES;
				GCC_WARN_64_TO_32_BIT_CONVERSION = YES;
				GCC_WARN_ABOUT_RETURN_TYPE = YES_ERROR;
				GCC_WARN_UNDECLARED_SELECTOR = YES;
				GCC_WARN_UNINITIALIZED_AUTOS = YES_AGGRESSIVE;
				GCC_WARN_UNUSED_FUNCTION = YES;
				GCC_WARN_UNUSED_VARIABLE = YES;
				GENERATE_INFOPLIST_FILE = NO;
				IPHONEOS_DEPLOYMENT_TARGET = 17.0;
				MACOSX_DEPLOYMENT_TARGET = 14.0;
				MARKETING_VERSION = 1.0.1;
				MTL_ENABLE_DEBUG_INFO = NO;
				MTL_FAST_MATH = YES;
				PRODUCT_BUNDLE_IDENTIFIER = com.orbitterm.app;
				PRODUCT_NAME = "$(TARGET_NAME)";
				SWIFT_COMPILATION_MODE = wholemodule;
				SWIFT_OPTIMIZATION_LEVEL = "-O";
				SWIFT_VERSION = 5.0;
			};
			name = Release;
		};
		CE4247C37956DA442B100BF2 /* Release */ = {
			isa = XCBuildConfiguration;
			buildSettings = {
				"ARCHS[sdk=iphonesimulator*]" = arm64;
				"ARCHS[sdk=macosx*]" = arm64;
				ASSETCATALOG_COMPILER_APPICON_NAME = AppIcon;
				CODE_SIGN_IDENTITY = "iPhone Developer";
				ENABLE_HARDENED_RUNTIME = YES;
				HEADER_SEARCH_PATHS = (
					"$(inherited)",
					"$(SRCROOT)/OrbitTerm/CBridge",
					"$(SRCROOT)/orbit-core/include",
				);
				INFOPLIST_FILE = OrbitTerm/App/Info.plist;
				LD_RUNPATH_SEARCH_PATHS = (
					"$(inherited)",
					"@executable_path/Frameworks",
				);
				"ONLY_ACTIVE_ARCH[sdk=iphonesimulator*]" = YES;
				"ONLY_ACTIVE_ARCH[sdk=macosx*]" = YES;
				"OTHER_LDFLAGS[sdk=iphoneos*]" = (
					"$(inherited)",
					"$(SRCROOT)/orbit-core/target/aarch64-apple-ios/release/liborbit_core.a",
				);
				"OTHER_LDFLAGS[sdk=iphonesimulator*]" = (
					"$(inherited)",
					"$(SRCROOT)/orbit-core/target/aarch64-apple-ios-sim/release/liborbit_core.a",
				);
				"OTHER_LDFLAGS[sdk=macosx*]" = (
					"$(inherited)",
					"$(SRCROOT)/orbit-core/target/aarch64-apple-darwin/release/liborbit_core.a",
				);
				PRODUCT_NAME = OrbitTerm;
				SDKROOT = iphoneos;
				SUPPORTED_PLATFORMS = "iphonesimulator iphoneos macosx";
				SWIFT_OBJC_BRIDGING_HEADER = "OrbitTerm/CBridge/OrbitTerm-Bridging-Header.h";
				TARGETED_DEVICE_FAMILY = "1,2";
			};
			name = Release;
		};
/* End XCBuildConfiguration section */

/* Begin XCConfigurationList section */
		1C5BD1ABC5D14EC31A38F2CB /* Build configuration list for PBXNativeTarget "OrbitTerm_iOS" */ = {
			isa = XCConfigurationList;
			buildConfigurations = (
				511D39B69F34FAF05AF32075 /* Debug */,
				CE4247C37956DA442B100BF2 /* Release */,
			);
			defaultConfigurationIsVisible = 0;
			defaultConfigurationName = Debug;
		};
		318334051428B0633709725D /* Build configuration list for PBXNativeTarget "OrbitTerm_macOS" */ = {
			isa = XCConfigurationList;
			buildConfigurations = (
				236E19E4BCA2B244C6030CD1 /* Debug */,
				2C55C06FA0AB54969D895A38 /* Release */,
			);
			defaultConfigurationIsVisible = 0;
			defaultConfigurationName = Debug;
		};
		B0979EF4A02DA3DF25DFC616 /* Build configuration list for PBXProject "OrbitTerm" */ = {
			isa = XCConfigurationList;
			buildConfigurations = (
				6074F9A97CA8AE95585205E6 /* Debug */,
				ADECE83760DE850973B4DAEC /* Release */,
			);
			defaultConfigurationIsVisible = 0;
			defaultConfigurationName = Debug;
		};
/* End XCConfigurationList section */

/* Begin XCRemoteSwiftPackageReference section */
		4355C47EEEB7C4FF1A17DEFF /* XCRemoteSwiftPackageReference "SwiftTerm" */ = {
			isa = XCRemoteSwiftPackageReference;
			repositoryURL = "https://github.com/migueldeicaza/SwiftTerm.git";
			requirement = {
				kind = exactVersion;
				version = 1.11.2;
			};
		};
/* End XCRemoteSwiftPackageReference section */

/* Begin XCSwiftPackageProductDependency section */
		5C0FE5421C2C7F89752C7FBD /* SwiftTerm */ = {
			isa = XCSwiftPackageProductDependency;
			package = 4355C47EEEB7C4FF1A17DEFF /* XCRemoteSwiftPackageReference "SwiftTerm" */;
			productName = SwiftTerm;
		};
		9C72235D0D53A8B38F2E0FA5 /* SwiftTerm */ = {
			isa = XCSwiftPackageProductDependency;
			package = 4355C47EEEB7C4FF1A17DEFF /* XCRemoteSwiftPackageReference "SwiftTerm" */;
			productName = SwiftTerm;
		};
/* End XCSwiftPackageProductDependency section */
	};
	rootObject = FAEA315B2E50CA0FAB31ED7F /* Project object */;
}
