{
  "version": 2,
  "dependencies": {
    "net9.0-windows10.0.19041": {
      "Microsoft.WindowsAppSDK": {
        "type": "Direct",
        "requested": "[1.7.250606001, )",
        "resolved": "1.7.250606001",
        "contentHash": "LdMRw0HqGu/w0DQKDRaABdIuSL8GiRitHSMiHH3SAR715/mEiWtVWPRJKp0aMcQ6JiBBqkQVZgu71MeXmQipkw==",
        "dependencies": {
          "Microsoft.Web.WebView2": "1.0.2903.40",
          "Microsoft.Windows.SDK.BuildTools": "10.0.22621.756"
        }
      },
      "Microsoft.Web.WebView2": {
        "type": "Transitive",
        "resolved": "1.0.2903.40",
        "contentHash": "THrzYAnJgE3+cNH+9Epr44XjoZoRELdVpXlWGPs6K9C9G6TqyDfVCeVAR/Er8ljLitIUX5gaSkPsy9wRhD1sgQ=="
      },
      "Microsoft.Windows.SDK.BuildTools": {
        "type": "Transitive",
        "resolved": "10.0.22621.756",
        "contentHash": "7ZL2sFSioYm1Ry067Kw1hg0SCcW5kuVezC2SwjGbcPE61Nn+gTbH86T73G3LcEOVj0S3IZzNuE/29gZvOLS7VA=="
      },
      "orbitterm.application": {
        "type": "Project",
        "dependencies": {
          "OrbitTerm.NativeBridge": "[1.0.0, )",
          "OrbitTerm.Terminal": "[1.0.0, )"
        }
      },
      "orbitterm.nativebridge": {
        "type": "Project"
      },
      "orbitterm.platform.windows": {
        "type": "Project",
        "dependencies": {
          "OrbitTerm.Application": "[1.0.0, )"
        }
      },
      "orbitterm.presentation": {
        "type": "Project",
        "dependencies": {
          "OrbitTerm.Application": "[1.0.0, )",
          "OrbitTerm.Terminal": "[1.0.0, )"
        }
      },
      "orbitterm.terminal": {
        "type": "Project"
      }
    }
  }
}